// !$*UTF8*$!
{
	archiveVersion = 1;
	classes = {
	};
	objectVersion = 46;
	objects = {

/* Begin PBXBuildFile section */
		801252101A13CE78C36DC949 /* libPods-easyMeasure.a in Frameworks */ = {isa = PBXBuildFile; fileRef = AD6BA325C0583237E56DE6B7 /* libPods-easyMeasure.a */; };
		C11CB7721ECE877E006E67D5 /* main.m in Sources */ = {isa = PBXBuildFile; fileRef = C11CB7711ECE877E006E67D5 /* main.m */; };
		C11CB7751ECE877E006E67D5 /* AppDelegate.m in Sources */ = {isa = PBXBuildFile; fileRef = C11CB7741ECE877E006E67D5 /* AppDelegate.m */; };
		C11CB77D1ECE877E006E67D5 /* Assets.xcassets in Resources */ = {isa = PBXBuildFile; fileRef = C11CB77C1ECE877E006E67D5 /* Assets.xcassets */; };
		C173BE1D1ED3D84B00BCD66F /* Localization.strings in Resources */ = {isa = PBXBuildFile; fileRef = C173BE1F1ED3D84B00BCD66F /* Localization.strings */; };
		C173BE241ED3D90300BCD66F /* initServer.m in Sources */ = {isa = PBXBuildFile; fileRef = C173BE231ED3D90300BCD66F /* initServer.m */; };
		C173BFC31ED5503400BCD66F /* EMDatabaseTableManager.m in Sources */ = {isa = PBXBuildFile; fileRef = C173BFC21ED5503400BCD66F /* EMDatabaseTableManager.m */; };
		C173C0141ED5507600BCD66F /* NSArray+Extension.m in Sources */ = {isa = PBXBuildFile; fileRef = C173BFCF1ED5507600BCD66F /* NSArray+Extension.m */; };
		C173C0151ED5507600BCD66F /* NSDate+ext.m in Sources */ = {isa = PBXBuildFile; fileRef = C173BFD21ED5507600BCD66F /* NSDate+ext.m */; };
		C173C0161ED5507600BCD66F /* NSDictionary+Extension.m in Sources */ = {isa = PBXBuildFile; fileRef = C173BFD51ED5507600BCD66F /* NSDictionary+Extension.m */; };
		C173C0171ED5507600BCD66F /* NSMutableDictionary+Extension.m in Sources */ = {isa = PBXBuildFile; fileRef = C173BFD71ED5507600BCD66F /* NSMutableDictionary+Extension.m */; };
		C173C0181ED5507600BCD66F /* NSString+Extension.m in Sources */ = {isa = PBXBuildFile; fileRef = C173BFDA1ED5507600BCD66F /* NSString+Extension.m */; };
		C173C0191ED5507600BCD66F /* UIButton+SD.m in Sources */ = {isa = PBXBuildFile; fileRef = C173BFDD1ED5507600BCD66F /* UIButton+SD.m */; };
		C173C01A1ED5507600BCD66F /* UIColor+Hex.m in Sources */ = {isa = PBXBuildFile; fileRef = C173BFE01ED5507600BCD66F /* UIColor+Hex.m */; };
		C173C01B1ED5507600BCD66F /* UIImage+animatedGIF.m in Sources */ = {isa = PBXBuildFile; fileRef = C173BFE31ED5507600BCD66F /* UIImage+animatedGIF.m */; };
		C173C01C1ED5507600BCD66F /* UIImageView+SD.m in Sources */ = {isa = PBXBuildFile; fileRef = C173BFE61ED5507600BCD66F /* UIImageView+SD.m */; };
		C173C01D1ED5507600BCD66F /* UITableViewCell+roundCorner.m in Sources */ = {isa = PBXBuildFile; fileRef = C173BFE91ED5507600BCD66F /* UITableViewCell+roundCorner.m */; };
		C173C01F1ED5507600BCD66F /* XJFBaseNavigationController.m in Sources */ = {isa = PBXBuildFile; fileRef = C173BFF61ED5507600BCD66F /* XJFBaseNavigationController.m */; };
		C173C0201ED5507600BCD66F /* XJFBaseViewController.m in Sources */ = {isa = PBXBuildFile; fileRef = C173BFF81ED5507600BCD66F /* XJFBaseViewController.m */; };
		C173C0211ED5507600BCD66F /* XJFBaseModel.m in Sources */ = {isa = PBXBuildFile; fileRef = C173BFFC1ED5507600BCD66F /* XJFBaseModel.m */; };
		C173C0221ED5507600BCD66F /* XJFDBManager.m in Sources */ = {isa = PBXBuildFile; fileRef = C173BFFF1ED5507600BCD66F /* XJFDBManager.m */; };
		C173C0231ED5507600BCD66F /* XJFDBOperator.m in Sources */ = {isa = PBXBuildFile; fileRef = C173C0011ED5507600BCD66F /* XJFDBOperator.m */; };
		C173C0241ED5507600BCD66F /* XJFHUDManager.m in Sources */ = {isa = PBXBuildFile; fileRef = C173C0031ED5507600BCD66F /* XJFHUDManager.m */; };
		C173C0251ED5507600BCD66F /* XJFNetworkManager.m in Sources */ = {isa = PBXBuildFile; fileRef = C173C0051ED5507600BCD66F /* XJFNetworkManager.m */; };
		C173C0261ED5507600BCD66F /* XJFServerManager.m in Sources */ = {isa = PBXBuildFile; fileRef = C173C0071ED5507600BCD66F /* XJFServerManager.m */; };
		C173C0271ED5507600BCD66F /* XJFBackgroundView.m in Sources */ = {isa = PBXBuildFile; fileRef = C173C00C1ED5507600BCD66F /* XJFBackgroundView.m */; };
		C173C0281ED5507600BCD66F /* XJFSeperatorLineView.m in Sources */ = {isa = PBXBuildFile; fileRef = C173C00F1ED5507600BCD66F /* XJFSeperatorLineView.m */; };
		C173C02A1ED5507600BCD66F /* XJFUILabel.m in Sources */ = {isa = PBXBuildFile; fileRef = C173C0131ED5507600BCD66F /* XJFUILabel.m */; };
		C173C0381ED5643600BCD66F /* NotificationConst.m in Sources */ = {isa = PBXBuildFile; fileRef = C173C0331ED5643600BCD66F /* NotificationConst.m */; };
		C173C0471ED56F2E00BCD66F /* XJFUIButton.m in Sources */ = {isa = PBXBuildFile; fileRef = C173C03E1ED56F2E00BCD66F /* XJFUIButton.m */; };
		C173C0481ED56F2E00BCD66F /* XJFUIImageView.m in Sources */ = {isa = PBXBuildFile; fileRef = C173C0401ED56F2E00BCD66F /* XJFUIImageView.m */; };
		C173C04A1ED56F2E00BCD66F /* XJFUITextField.m in Sources */ = {isa = PBXBuildFile; fileRef = C173C0441ED56F2E00BCD66F /* XJFUITextField.m */; };
		C173C04B1ED56F2E00BCD66F /* XJFUITextView.m in Sources */ = {isa = PBXBuildFile; fileRef = C173C0461ED56F2E00BCD66F /* XJFUITextView.m */; };
		C173C04E1ED5702400BCD66F /* XJFUIView.m in Sources */ = {isa = PBXBuildFile; fileRef = C173C04D1ED5702400BCD66F /* XJFUIView.m */; };
		C1CB46751ED7F9390091732C /* DeviceScreenSize.plist in Resources */ = {isa = PBXBuildFile; fileRef = C1CB46741ED7F9390091732C /* DeviceScreenSize.plist */; };
		C1CB46781ED803B20091732C /* EMScreenSizeManager.m in Sources */ = {isa = PBXBuildFile; fileRef = C1CB46771ED803B20091732C /* EMScreenSizeManager.m */; };
		CC0F0FAA1EEACEF9002FD6DF /* banner@2x.png in Resources */ = {isa = PBXBuildFile; fileRef = CC0F0F9B1EEACEF9002FD6DF /* banner@2x.png */; };
		CC0F0FAB1EEACEF9002FD6DF /* button_jia_highlight@2x.png in Resources */ = {isa = PBXBuildFile; fileRef = CC0F0F9C1EEACEF9002FD6DF /* button_jia_highlight@2x.png */; };
		CC0F0FAC1EEACEF9002FD6DF /* button_jia@2x.png in Resources */ = {isa = PBXBuildFile; fileRef = CC0F0F9D1EEACEF9002FD6DF /* button_jia@2x.png */; };
		CC0F0FAD1EEACEF9002FD6DF /* button_jian_highlight@2x.png in Resources */ = {isa = PBXBuildFile; fileRef = CC0F0F9E1EEACEF9002FD6DF /* button_jian_highlight@2x.png */; };
		CC0F0FAE1EEACEF9002FD6DF /* button_jian@2x.png in Resources */ = {isa = PBXBuildFile; fileRef = CC0F0F9F1EEACEF9002FD6DF /* button_jian@2x.png */; };
		CC0F0FAF1EEACEF9002FD6DF /* button_wancheng_highlight@2x.png in Resources */ = {isa = PBXBuildFile; fileRef = CC0F0FA01EEACEF9002FD6DF /* button_wancheng_highlight@2x.png */; };
		CC0F0FB01EEACEF9002FD6DF /* button_wancheng@2x.png in Resources */ = {isa = PBXBuildFile; fileRef = CC0F0FA11EEACEF9002FD6DF /* button_wancheng@2x.png */; };
		CC0F0FB11EEACEF9002FD6DF /* image_muzhi@2x.png in Resources */ = {isa = PBXBuildFile; fileRef = CC0F0FA21EEACEF9002FD6DF /* image_muzhi@2x.png */; };
		CC0F0FB21EEACEF9002FD6DF /* image_qitashouzhi@2x.png in Resources */ = {isa = PBXBuildFile; fileRef = CC0F0FA31EEACEF9002FD6DF /* image_qitashouzhi@2x.png */; };
		CC0F0FB31EEACEF9002FD6DF /* image@2x.png in Resources */ = {isa = PBXBuildFile; fileRef = CC0F0FA41EEACEF9002FD6DF /* image@2x.png */; };
		CC0F0FB41EEACEF9002FD6DF /* shou_1@2x.png in Resources */ = {isa = PBXBuildFile; fileRef = CC0F0FA51EEACEF9002FD6DF /* shou_1@2x.png */; };
		CC0F0FB51EEACEF9002FD6DF /* titel_button_fanhui_highlight@2x.png in Resources */ = {isa = PBXBuildFile; fileRef = CC0F0FA61EEACEF9002FD6DF /* titel_button_fanhui_highlight@2x.png */; };
		CC0F0FB61EEACEF9002FD6DF /* titel_button_fanhui@2x.png in Resources */ = {isa = PBXBuildFile; fileRef = CC0F0FA71EEACEF9002FD6DF /* titel_button_fanhui@2x.png */; };
		CC0F0FB71EEACEF9002FD6DF /* titel_button_jilu_highlight@2x.png in Resources */ = {isa = PBXBuildFile; fileRef = CC0F0FA81EEACEF9002FD6DF /* titel_button_jilu_highlight@2x.png */; };
		CC0F0FB81EEACEF9002FD6DF /* titel_button_jilu@2x.png in Resources */ = {isa = PBXBuildFile; fileRef = CC0F0FA91EEACEF9002FD6DF /* titel_button_jilu@2x.png */; };
		CC0F0FC51EEACF0B002FD6DF /* button_jia_highlight@3x.png in Resources */ = {isa = PBXBuildFile; fileRef = CC0F0FB91EEACF0A002FD6DF /* button_jia_highlight@3x.png */; };
		CC0F0FC61EEACF0B002FD6DF /* button_jia@3x.png in Resources */ = {isa = PBXBuildFile; fileRef = CC0F0FBA1EEACF0A002FD6DF /* button_jia@3x.png */; };
		CC0F0FC71EEACF0B002FD6DF /* button_jian_highlight@3x.png in Resources */ = {isa = PBXBuildFile; fileRef = CC0F0FBB1EEACF0A002FD6DF /* button_jian_highlight@3x.png */; };
		CC0F0FC81EEACF0B002FD6DF /* button_jian@3x.png in Resources */ = {isa = PBXBuildFile; fileRef = CC0F0FBC1EEACF0A002FD6DF /* button_jian@3x.png */; };
		CC0F0FC91EEACF0B002FD6DF /* button_wancheng_highlight@3x.png in Resources */ = {isa = PBXBuildFile; fileRef = CC0F0FBD1EEACF0A002FD6DF /* button_wancheng_highlight@3x.png */; };
		CC0F0FCA1EEACF0B002FD6DF /* button_wancheng@3x.png in Resources */ = {isa = PBXBuildFile; fileRef = CC0F0FBE1EEACF0B002FD6DF /* button_wancheng@3x.png */; };
		CC0F0FCB1EEACF0B002FD6DF /* image@3x.png in Resources */ = {isa = PBXBuildFile; fileRef = CC0F0FBF1EEACF0B002FD6DF /* image@3x.png */; };
		CC0F0FCC1EEACF0B002FD6DF /* shou_1@3x.png in Resources */ = {isa = PBXBuildFile; fileRef = CC0F0FC01EEACF0B002FD6DF /* shou_1@3x.png */; };
		CC0F0FCD1EEACF0B002FD6DF /* titel_button_fanhui_highlight@3x.png in Resources */ = {isa = PBXBuildFile; fileRef = CC0F0FC11EEACF0B002FD6DF /* titel_button_fanhui_highlight@3x.png */; };
		CC0F0FCE1EEACF0B002FD6DF /* titel_button_fanhui@3x.png in Resources */ = {isa = PBXBuildFile; fileRef = CC0F0FC21EEACF0B002FD6DF /* titel_button_fanhui@3x.png */; };
		CC0F0FCF1EEACF0B002FD6DF /* titel_button_jilu_highlight@3x.png in Resources */ = {isa = PBXBuildFile; fileRef = CC0F0FC31EEACF0B002FD6DF /* titel_button_jilu_highlight@3x.png */; };
		CC0F0FD01EEACF0B002FD6DF /* titel_button_jilu@3x.png in Resources */ = {isa = PBXBuildFile; fileRef = CC0F0FC41EEACF0B002FD6DF /* titel_button_jilu@3x.png */; };
		CC1EF5A31EF2DB19004B3B12 /* EMMeasureButton.m in Sources */ = {isa = PBXBuildFile; fileRef = CC1EF5A21EF2DB19004B3B12 /* EMMeasureButton.m */; };
		CC1EF5A61EF2DB9C004B3B12 /* muzhi_1@2x.png in Resources */ = {isa = PBXBuildFile; fileRef = CC1EF5A41EF2DB9C004B3B12 /* muzhi_1@2x.png */; };
		CC1EF5AA1EF2DBB5004B3B12 /* muzhi_1@3x.png in Resources */ = {isa = PBXBuildFile; fileRef = CC1EF5A81EF2DBB5004B3B12 /* muzhi_1@3x.png */; };
		CC1EF5AE1EF2DD13004B3B12 /* EMMeasureResultViewController.m in Sources */ = {isa = PBXBuildFile; fileRef = CC1EF5AD1EF2DD13004B3B12 /* EMMeasureResultViewController.m */; };
		CC1EF5B11EF2DD45004B3B12 /* EMFingerView.m in Sources */ = {isa = PBXBuildFile; fileRef = CC1EF5B01EF2DD45004B3B12 /* EMFingerView.m */; };
		CC1EF5B41EF2DD6C004B3B12 /* EMMainView.m in Sources */ = {isa = PBXBuildFile; fileRef = CC1EF5B31EF2DD6C004B3B12 /* EMMainView.m */; };
		CC1EF5B71EF2DD9B004B3B12 /* EMMeasureResultView.m in Sources */ = {isa = PBXBuildFile; fileRef = CC1EF5B61EF2DD9B004B3B12 /* EMMeasureResultView.m */; };
		CC1EF5BA1EF2DDC5004B3B12 /* EMMeasureView.m in Sources */ = {isa = PBXBuildFile; fileRef = CC1EF5B91EF2DDC5004B3B12 /* EMMeasureView.m */; };
		CC2A14231F12EDA1008CC95B /* EMFingerTypeViewController.m in Sources */ = {isa = PBXBuildFile; fileRef = CC2A14221F12EDA1008CC95B /* EMFingerTypeViewController.m */; };
		CC2A14261F12EDB7008CC95B /* EMFingerTypeView.m in Sources */ = {isa = PBXBuildFile; fileRef = CC2A14251F12EDB7008CC95B /* EMFingerTypeView.m */; };
		CC2A14291F12F449008CC95B /* EMFingerTypePopView.m in Sources */ = {isa = PBXBuildFile; fileRef = CC2A14281F12F449008CC95B /* EMFingerTypePopView.m */; };
		CC2A142C1F12F486008CC95B /* EMMeasurePopView.m in Sources */ = {isa = PBXBuildFile; fileRef = CC2A142B1F12F486008CC95B /* EMMeasurePopView.m */; };
		CC2F5CEF1EF4FBC50006A68D /* shou_2@2x.png in Resources */ = {isa = PBXBuildFile; fileRef = CC2F5CEE1EF4FBC50006A68D /* shou_2@2x.png */; };
		CC2F5CF11EF4FBD30006A68D /* shou_2@3x.png in Resources */ = {isa = PBXBuildFile; fileRef = CC2F5CF01EF4FBD30006A68D /* shou_2@3x.png */; };
		CC2F5CF31EF4FBE60006A68D /* muzhi_2@2x.png in Resources */ = {isa = PBXBuildFile; fileRef = CC2F5CF21EF4FBE60006A68D /* muzhi_2@2x.png */; };
		CC2F5CF51EF4FBEA0006A68D /* muzhi_2@3x.png in Resources */ = {isa = PBXBuildFile; fileRef = CC2F5CF41EF4FBEA0006A68D /* muzhi_2@3x.png */; };
		CC2F5CFD1EF54E0F0006A68D /* yindaoye@2x.png in Resources */ = {isa = PBXBuildFile; fileRef = CC2F5CFC1EF54E0F0006A68D /* yindaoye@2x.png */; };
		CC2F5CFF1EF54E1A0006A68D /* yindaoye@3x.png in Resources */ = {isa = PBXBuildFile; fileRef = CC2F5CFE1EF54E1A0006A68D /* yindaoye@3x.png */; };
		CC4C3EFA1F144D7E00DD5957 /* VersionModel.m in Sources */ = {isa = PBXBuildFile; fileRef = CC4C3EF91F144D7E00DD5957 /* VersionModel.m */; };
		CC4C3EFE1F144E5C00DD5957 /* NSFileManager+Extensions.m in Sources */ = {isa = PBXBuildFile; fileRef = CC4C3EFD1F144E5C00DD5957 /* NSFileManager+Extensions.m */; };
		CC6FAAF41EF80B310069D8B5 /* button_highlight@2x.png in Resources */ = {isa = PBXBuildFile; fileRef = CC6FAAF01EF80B310069D8B5 /* button_highlight@2x.png */; };
		CC6FAAF51EF80B310069D8B5 /* button@2x.png in Resources */ = {isa = PBXBuildFile; fileRef = CC6FAAF11EF80B310069D8B5 /* button@2x.png */; };
		CC6FAAF61EF80B310069D8B5 /* jiantou@2x.png in Resources */ = {isa = PBXBuildFile; fileRef = CC6FAAF21EF80B310069D8B5 /* jiantou@2x.png */; };
		CC6FAAF71EF80B310069D8B5 /* text@2x.png in Resources */ = {isa = PBXBuildFile; fileRef = CC6FAAF31EF80B310069D8B5 /* text@2x.png */; };
		CC6FAAFC1EF80B3D0069D8B5 /* button_highlight@3x.png in Resources */ = {isa = PBXBuildFile; fileRef = CC6FAAF81EF80B3D0069D8B5 /* button_highlight@3x.png */; };
		CC6FAAFD1EF80B3D0069D8B5 /* button@3x.png in Resources */ = {isa = PBXBuildFile; fileRef = CC6FAAF91EF80B3D0069D8B5 /* button@3x.png */; };
		CC6FAAFE1EF80B3D0069D8B5 /* jiantou@3x.png in Resources */ = {isa = PBXBuildFile; fileRef = CC6FAAFA1EF80B3D0069D8B5 /* jiantou@3x.png */; };
		CC6FAAFF1EF80B3D0069D8B5 /* text@3x.png in Resources */ = {isa = PBXBuildFile; fileRef = CC6FAAFB1EF80B3D0069D8B5 /* text@3x.png */; };
		CC708F921EEC13060087AD74 /* NSDate+Extension.m in Sources */ = {isa = PBXBuildFile; fileRef = CC708F911EEC13060087AD74 /* NSDate+Extension.m */; };
		CC708F951EEC130F0087AD74 /* UIImage+Extension.m in Sources */ = {isa = PBXBuildFile; fileRef = CC708F941EEC130F0087AD74 /* UIImage+Extension.m */; };
		CC708FB21EEC131B0087AD74 /* EMFingerChooseViewController.m in Sources */ = {isa = PBXBuildFile; fileRef = CC708F991EEC131B0087AD74 /* EMFingerChooseViewController.m */; };
		CC708FB31EEC131B0087AD74 /* EMMainViewController.m in Sources */ = {isa = PBXBuildFile; fileRef = CC708F9B1EEC131B0087AD74 /* EMMainViewController.m */; };
		CC708FB41EEC131B0087AD74 /* EMMeasurementViewController.m in Sources */ = {isa = PBXBuildFile; fileRef = CC708F9D1EEC131B0087AD74 /* EMMeasurementViewController.m */; };
		CC708FB61EEC131B0087AD74 /* EMMeasureViewController.m in Sources */ = {isa = PBXBuildFile; fileRef = CC708FA11EEC131B0087AD74 /* EMMeasureViewController.m */; };
		CC708FB71EEC131B0087AD74 /* EMNavigationController.m in Sources */ = {isa = PBXBuildFile; fileRef = CC708FA31EEC131B0087AD74 /* EMNavigationController.m */; };
		CC708FB81EEC131B0087AD74 /* EMResultsListViewController.m in Sources */ = {isa = PBXBuildFile; fileRef = CC708FA51EEC131B0087AD74 /* EMResultsListViewController.m */; };
		CC708FB91EEC131B0087AD74 /* EMMeasureModel.m in Sources */ = {isa = PBXBuildFile; fileRef = CC708FA81EEC131B0087AD74 /* EMMeasureModel.m */; };
		CC708FBA1EEC131B0087AD74 /* EMDegreeView.m in Sources */ = {isa = PBXBuildFile; fileRef = CC708FAB1EEC131B0087AD74 /* EMDegreeView.m */; };
		CC708FBD1EEC131B0087AD74 /* EMMeasureCell.m in Sources */ = {isa = PBXBuildFile; fileRef = CC708FB11EEC131B0087AD74 /* EMMeasureCell.m */; };
		CC708FC51EEC1FCC0087AD74 /* EMDegree.plist in Resources */ = {isa = PBXBuildFile; fileRef = CC708FC41EEC1FCC0087AD74 /* EMDegree.plist */; };
		CC708FDB1EEED7920087AD74 /* titel_text@2x.png in Resources */ = {isa = PBXBuildFile; fileRef = CC708FDA1EEED7920087AD74 /* titel_text@2x.png */; };
		CC708FDD1EEED7990087AD74 /* titel_text@3x.png in Resources */ = {isa = PBXBuildFile; fileRef = CC708FDC1EEED7990087AD74 /* titel_text@3x.png */; };
		CC708FE31EEEDAE20087AD74 /* EMFingerChooseView.m in Sources */ = {isa = PBXBuildFile; fileRef = CC708FE21EEEDAE20087AD74 /* EMFingerChooseView.m */; };
		CC708FE61EEEDC030087AD74 /* EMMeasurementView.m in Sources */ = {isa = PBXBuildFile; fileRef = CC708FE51EEEDC030087AD74 /* EMMeasurementView.m */; };
		CC708FEF1EEEE4950087AD74 /* EMResultsListView.m in Sources */ = {isa = PBXBuildFile; fileRef = CC708FEE1EEEE4950087AD74 /* EMResultsListView.m */; };
		CC8955911EFF9EB30083E710 /* EMGuideViewController.m in Sources */ = {isa = PBXBuildFile; fileRef = CC8955901EFF9EB30083E710 /* EMGuideViewController.m */; };
		CC8955971EFFA45C0083E710 /* EMGuideView.m in Sources */ = {isa = PBXBuildFile; fileRef = CC8955961EFFA45C0083E710 /* EMGuideView.m */; };
		CC8955A21EFFA94F0083E710 /* EMGuideImageView.m in Sources */ = {isa = PBXBuildFile; fileRef = CC8955A11EFFA94F0083E710 /* EMGuideImageView.m */; };
		CCC292B01F123F3D00308973 /* shouzhi@2x.png in Resources */ = {isa = PBXBuildFile; fileRef = CCC292AB1F123F3D00308973 /* shouzhi@2x.png */; };
		CCC292B11F123F3D00308973 /* text1@2x.png in Resources */ = {isa = PBXBuildFile; fileRef = CCC292AC1F123F3D00308973 /* text1@2x.png */; };
		CCC292B21F123F3D00308973 /* text2@2x.png in Resources */ = {isa = PBXBuildFile; fileRef = CCC292AD1F123F3D00308973 /* text2@2x.png */; };
		CCC292B31F123F3D00308973 /* text3@2x.png in Resources */ = {isa = PBXBuildFile; fileRef = CCC292AE1F123F3D00308973 /* text3@2x.png */; };
		CCC292B41F123F3D00308973 /* text4@2x.png in Resources */ = {isa = PBXBuildFile; fileRef = CCC292AF1F123F3D00308973 /* text4@2x.png */; };
		CCC292BA1F123F4900308973 /* shouzhi@3x.png in Resources */ = {isa = PBXBuildFile; fileRef = CCC292B51F123F4900308973 /* shouzhi@3x.png */; };
		CCC292BB1F123F4900308973 /* text1@3x.png in Resources */ = {isa = PBXBuildFile; fileRef = CCC292B61F123F4900308973 /* text1@3x.png */; };
		CCC292BC1F123F4900308973 /* text2@3x.png in Resources */ = {isa = PBXBuildFile; fileRef = CCC292B71F123F4900308973 /* text2@3x.png */; };
		CCC292BD1F123F4900308973 /* text3@3x.png in Resources */ = {isa = PBXBuildFile; fileRef = CCC292B81F123F4900308973 /* text3@3x.png */; };
		CCC292BE1F123F4900308973 /* text4@3x.png in Resources */ = {isa = PBXBuildFile; fileRef = CCC292B91F123F4900308973 /* text4@3x.png */; };
		CCC292C71F123F6A00308973 /* loading_1_640x960@2x.png in Resources */ = {isa = PBXBuildFile; fileRef = CCC292BF1F123F6A00308973 /* loading_1_640x960@2x.png */; };
		CCC292C81F123F6A00308973 /* loading_1_640x1136@2x.png in Resources */ = {isa = PBXBuildFile; fileRef = CCC292C01F123F6A00308973 /* loading_1_640x1136@2x.png */; };
		CCC292C91F123F6A00308973 /* loading_1_750x1334@2x.png in Resources */ = {isa = PBXBuildFile; fileRef = CCC292C11F123F6A00308973 /* loading_1_750x1334@2x.png */; };
		CCC292CA1F123F6A00308973 /* loading_1_1242x2208@2x.png in Resources */ = {isa = PBXBuildFile; fileRef = CCC292C21F123F6A00308973 /* loading_1_1242x2208@2x.png */; };
		CCC292CB1F123F6A00308973 /* loading_2_640x960@2x.png in Resources */ = {isa = PBXBuildFile; fileRef = CCC292C31F123F6A00308973 /* loading_2_640x960@2x.png */; };
		CCC292CC1F123F6A00308973 /* loading_2_640x1136@2x.png in Resources */ = {isa = PBXBuildFile; fileRef = CCC292C41F123F6A00308973 /* loading_2_640x1136@2x.png */; };
		CCC292CD1F123F6A00308973 /* loading_2_750x1334@2x.png in Resources */ = {isa = PBXBuildFile; fileRef = CCC292C51F123F6A00308973 /* loading_2_750x1334@2x.png */; };
		CCC292CE1F123F6A00308973 /* loading_2_1242x2208@2x.png in Resources */ = {isa = PBXBuildFile; fileRef = CCC292C61F123F6A00308973 /* loading_2_1242x2208@2x.png */; };
		CCC292D91F1241FC00308973 /* 1_02@2x.png in Resources */ = {isa = PBXBuildFile; fileRef = CCC292CF1F1241FC00308973 /* 1_02@2x.png */; };
		CCC292DA1F1241FC00308973 /* 1_03@2x.png in Resources */ = {isa = PBXBuildFile; fileRef = CCC292D01F1241FC00308973 /* 1_03@2x.png */; };
		CCC292DB1F1241FC00308973 /* 1_04@2x.png in Resources */ = {isa = PBXBuildFile; fileRef = CCC292D11F1241FC00308973 /* 1_04@2x.png */; };
		CCC292DC1F1241FC00308973 /* 1_05@2x.png in Resources */ = {isa = PBXBuildFile; fileRef = CCC292D21F1241FC00308973 /* 1_05@2x.png */; };
		CCC292DD1F1241FC00308973 /* 1_06@2x.png in Resources */ = {isa = PBXBuildFile; fileRef = CCC292D31F1241FC00308973 /* 1_06@2x.png */; };
		CCC292DE1F1241FC00308973 /* 2_02@2x.png in Resources */ = {isa = PBXBuildFile; fileRef = CCC292D41F1241FC00308973 /* 2_02@2x.png */; };
		CCC292DF1F1241FC00308973 /* 2_03@2x.png in Resources */ = {isa = PBXBuildFile; fileRef = CCC292D51F1241FC00308973 /* 2_03@2x.png */; };
		CCC292E01F1241FC00308973 /* 2_04@2x.png in Resources */ = {isa = PBXBuildFile; fileRef = CCC292D61F1241FC00308973 /* 2_04@2x.png */; };
		CCC292E11F1241FC00308973 /* 2_05@2x.png in Resources */ = {isa = PBXBuildFile; fileRef = CCC292D71F1241FC00308973 /* 2_05@2x.png */; };
		CCC292E21F1241FC00308973 /* 2_06@2x.png in Resources */ = {isa = PBXBuildFile; fileRef = CCC292D81F1241FC00308973 /* 2_06@2x.png */; };
/* End PBXBuildFile section */

/* Begin PBXFileReference section */
		2D866535AB31CBFA0D0FA59F /* Pods-easyMeasure.release.xcconfig */ = {isa = PBXFileReference; includeInIndex = 1; lastKnownFileType = text.xcconfig; name = "Pods-easyMeasure.release.xcconfig"; path = "Pods/Target Support Files/Pods-easyMeasure/Pods-easyMeasure.release.xcconfig"; sourceTree = "<group>"; };
		AD6BA325C0583237E56DE6B7 /* libPods-easyMeasure.a */ = {isa = PBXFileReference; explicitFileType = archive.ar; includeInIndex = 0; path = "libPods-easyMeasure.a"; sourceTree = BUILT_PRODUCTS_DIR; };
		BCE57F5EC696E1F3F8045BDA /* Pods-easyMeasure.debug.xcconfig */ = {isa = PBXFileReference; includeInIndex = 1; lastKnownFileType = text.xcconfig; name = "Pods-easyMeasure.debug.xcconfig"; path = "Pods/Target Support Files/Pods-easyMeasure/Pods-easyMeasure.debug.xcconfig"; sourceTree = "<group>"; };
		C11CB76D1ECE877E006E67D5 /* easyMeasure.app */ = {isa = PBXFileReference; explicitFileType = wrapper.application; includeInIndex = 0; path = easyMeasure.app; sourceTree = BUILT_PRODUCTS_DIR; };
		C11CB7711ECE877E006E67D5 /* main.m */ = {isa = PBXFileReference; lastKnownFileType = sourcecode.c.objc; path = main.m; sourceTree = "<group>"; };
		C11CB7731ECE877E006E67D5 /* AppDelegate.h */ = {isa = PBXFileReference; lastKnownFileType = sourcecode.c.h; path = AppDelegate.h; sourceTree = "<group>"; };
		C11CB7741ECE877E006E67D5 /* AppDelegate.m */ = {isa = PBXFileReference; lastKnownFileType = sourcecode.c.objc; path = AppDelegate.m; sourceTree = "<group>"; };
		C11CB77C1ECE877E006E67D5 /* Assets.xcassets */ = {isa = PBXFileReference; lastKnownFileType = folder.assetcatalog; path = Assets.xcassets; sourceTree = "<group>"; };
		C11CB7811ECE877E006E67D5 /* Info.plist */ = {isa = PBXFileReference; lastKnownFileType = text.plist.xml; path = Info.plist; sourceTree = "<group>"; };
		C13EC4461EEE368000C94A1B /* zh-Hans */ = {isa = PBXFileReference; lastKnownFileType = text.plist.strings; name = "zh-Hans"; path = "zh-Hans.lproj/Localization.strings"; sourceTree = "<group>"; };
		C173BE1E1ED3D84B00BCD66F /* Base */ = {isa = PBXFileReference; lastKnownFileType = text.plist.strings; name = Base; path = Base.lproj/Localization.strings; sourceTree = "<group>"; };
		C173BE221ED3D90300BCD66F /* initServer.h */ = {isa = PBXFileReference; fileEncoding = 4; lastKnownFileType = sourcecode.c.h; path = initServer.h; sourceTree = "<group>"; };
		C173BE231ED3D90300BCD66F /* initServer.m */ = {isa = PBXFileReference; fileEncoding = 4; lastKnownFileType = sourcecode.c.objc; path = initServer.m; sourceTree = "<group>"; };
		C173BFC11ED5503400BCD66F /* EMDatabaseTableManager.h */ = {isa = PBXFileReference; fileEncoding = 4; lastKnownFileType = sourcecode.c.h; path = EMDatabaseTableManager.h; sourceTree = "<group>"; };
		C173BFC21ED5503400BCD66F /* EMDatabaseTableManager.m */ = {isa = PBXFileReference; fileEncoding = 4; lastKnownFileType = sourcecode.c.objc; path = EMDatabaseTableManager.m; sourceTree = "<group>"; };
		C173BFCE1ED5507600BCD66F /* NSArray+Extension.h */ = {isa = PBXFileReference; fileEncoding = 4; lastKnownFileType = sourcecode.c.h; path = "NSArray+Extension.h"; sourceTree = "<group>"; };
		C173BFCF1ED5507600BCD66F /* NSArray+Extension.m */ = {isa = PBXFileReference; fileEncoding = 4; lastKnownFileType = sourcecode.c.objc; path = "NSArray+Extension.m"; sourceTree = "<group>"; };
		C173BFD11ED5507600BCD66F /* NSDate+ext.h */ = {isa = PBXFileReference; fileEncoding = 4; lastKnownFileType = sourcecode.c.h; path = "NSDate+ext.h"; sourceTree = "<group>"; };
		C173BFD21ED5507600BCD66F /* NSDate+ext.m */ = {isa = PBXFileReference; fileEncoding = 4; lastKnownFileType = sourcecode.c.objc; path = "NSDate+ext.m"; sourceTree = "<group>"; };
		C173BFD41ED5507600BCD66F /* NSDictionary+Extension.h */ = {isa = PBXFileReference; fileEncoding = 4; lastKnownFileType = sourcecode.c.h; path = "NSDictionary+Extension.h"; sourceTree = "<group>"; };
		C173BFD51ED5507600BCD66F /* NSDictionary+Extension.m */ = {isa = PBXFileReference; fileEncoding = 4; lastKnownFileType = sourcecode.c.objc; path = "NSDictionary+Extension.m"; sourceTree = "<group>"; };
		C173BFD61ED5507600BCD66F /* NSMutableDictionary+Extension.h */ = {isa = PBXFileReference; fileEncoding = 4; lastKnownFileType = sourcecode.c.h; path = "NSMutableDictionary+Extension.h"; sourceTree = "<group>"; };
		C173BFD71ED5507600BCD66F /* NSMutableDictionary+Extension.m */ = {isa = PBXFileReference; fileEncoding = 4; lastKnownFileType = sourcecode.c.objc; path = "NSMutableDictionary+Extension.m"; sourceTree = "<group>"; };
		C173BFD91ED5507600BCD66F /* NSString+Extension.h */ = {isa = PBXFileReference; fileEncoding = 4; lastKnownFileType = sourcecode.c.h; path = "NSString+Extension.h"; sourceTree = "<group>"; };
		C173BFDA1ED5507600BCD66F /* NSString+Extension.m */ = {isa = PBXFileReference; fileEncoding = 4; lastKnownFileType = sourcecode.c.objc; path = "NSString+Extension.m"; sourceTree = "<group>"; };
		C173BFDC1ED5507600BCD66F /* UIButton+SD.h */ = {isa = PBXFileReference; fileEncoding = 4; lastKnownFileType = sourcecode.c.h; path = "UIButton+SD.h"; sourceTree = "<group>"; };
		C173BFDD1ED5507600BCD66F /* UIButton+SD.m */ = {isa = PBXFileReference; fileEncoding = 4; lastKnownFileType = sourcecode.c.objc; path = "UIButton+SD.m"; sourceTree = "<group>"; };
		C173BFDF1ED5507600BCD66F /* UIColor+Hex.h */ = {isa = PBXFileReference; fileEncoding = 4; lastKnownFileType = sourcecode.c.h; path = "UIColor+Hex.h"; sourceTree = "<group>"; };
		C173BFE01ED5507600BCD66F /* UIColor+Hex.m */ = {isa = PBXFileReference; fileEncoding = 4; lastKnownFileType = sourcecode.c.objc; path = "UIColor+Hex.m"; sourceTree = "<group>"; };
		C173BFE21ED5507600BCD66F /* UIImage+animatedGIF.h */ = {isa = PBXFileReference; fileEncoding = 4; lastKnownFileType = sourcecode.c.h; path = "UIImage+animatedGIF.h"; sourceTree = "<group>"; };
		C173BFE31ED5507600BCD66F /* UIImage+animatedGIF.m */ = {isa = PBXFileReference; fileEncoding = 4; lastKnownFileType = sourcecode.c.objc; path = "UIImage+animatedGIF.m"; sourceTree = "<group>"; };
		C173BFE51ED5507600BCD66F /* UIImageView+SD.h */ = {isa = PBXFileReference; fileEncoding = 4; lastKnownFileType = sourcecode.c.h; path = "UIImageView+SD.h"; sourceTree = "<group>"; };
		C173BFE61ED5507600BCD66F /* UIImageView+SD.m */ = {isa = PBXFileReference; fileEncoding = 4; lastKnownFileType = sourcecode.c.objc; path = "UIImageView+SD.m"; sourceTree = "<group>"; };
		C173BFE81ED5507600BCD66F /* UITableViewCell+roundCorner.h */ = {isa = PBXFileReference; fileEncoding = 4; lastKnownFileType = sourcecode.c.h; path = "UITableViewCell+roundCorner.h"; sourceTree = "<group>"; };
		C173BFE91ED5507600BCD66F /* UITableViewCell+roundCorner.m */ = {isa = PBXFileReference; fileEncoding = 4; lastKnownFileType = sourcecode.c.objc; path = "UITableViewCell+roundCorner.m"; sourceTree = "<group>"; };
		C173BFF51ED5507600BCD66F /* XJFBaseNavigationController.h */ = {isa = PBXFileReference; fileEncoding = 4; lastKnownFileType = sourcecode.c.h; path = XJFBaseNavigationController.h; sourceTree = "<group>"; };
		C173BFF61ED5507600BCD66F /* XJFBaseNavigationController.m */ = {isa = PBXFileReference; fileEncoding = 4; lastKnownFileType = sourcecode.c.objc; path = XJFBaseNavigationController.m; sourceTree = "<group>"; };
		C173BFF71ED5507600BCD66F /* XJFBaseViewController.h */ = {isa = PBXFileReference; fileEncoding = 4; lastKnownFileType = sourcecode.c.h; path = XJFBaseViewController.h; sourceTree = "<group>"; };
		C173BFF81ED5507600BCD66F /* XJFBaseViewController.m */ = {isa = PBXFileReference; fileEncoding = 4; lastKnownFileType = sourcecode.c.objc; path = XJFBaseViewController.m; sourceTree = "<group>"; };
		C173BFFB1ED5507600BCD66F /* XJFBaseModel.h */ = {isa = PBXFileReference; fileEncoding = 4; lastKnownFileType = sourcecode.c.h; path = XJFBaseModel.h; sourceTree = "<group>"; };
		C173BFFC1ED5507600BCD66F /* XJFBaseModel.m */ = {isa = PBXFileReference; fileEncoding = 4; lastKnownFileType = sourcecode.c.objc; path = XJFBaseModel.m; sourceTree = "<group>"; };
		C173BFFE1ED5507600BCD66F /* XJFDBManager.h */ = {isa = PBXFileReference; fileEncoding = 4; lastKnownFileType = sourcecode.c.h; path = XJFDBManager.h; sourceTree = "<group>"; };
		C173BFFF1ED5507600BCD66F /* XJFDBManager.m */ = {isa = PBXFileReference; fileEncoding = 4; lastKnownFileType = sourcecode.c.objc; path = XJFDBManager.m; sourceTree = "<group>"; };
		C173C0001ED5507600BCD66F /* XJFDBOperator.h */ = {isa = PBXFileReference; fileEncoding = 4; lastKnownFileType = sourcecode.c.h; path = XJFDBOperator.h; sourceTree = "<group>"; };
		C173C0011ED5507600BCD66F /* XJFDBOperator.m */ = {isa = PBXFileReference; fileEncoding = 4; lastKnownFileType = sourcecode.c.objc; path = XJFDBOperator.m; sourceTree = "<group>"; };
		C173C0021ED5507600BCD66F /* XJFHUDManager.h */ = {isa = PBXFileReference; fileEncoding = 4; lastKnownFileType = sourcecode.c.h; path = XJFHUDManager.h; sourceTree = "<group>"; };
		C173C0031ED5507600BCD66F /* XJFHUDManager.m */ = {isa = PBXFileReference; fileEncoding = 4; lastKnownFileType = sourcecode.c.objc; path = XJFHUDManager.m; sourceTree = "<group>"; };
		C173C0041ED5507600BCD66F /* XJFNetworkManager.h */ = {isa = PBXFileReference; fileEncoding = 4; lastKnownFileType = sourcecode.c.h; path = XJFNetworkManager.h; sourceTree = "<group>"; };
		C173C0051ED5507600BCD66F /* XJFNetworkManager.m */ = {isa = PBXFileReference; fileEncoding = 4; lastKnownFileType = sourcecode.c.objc; path = XJFNetworkManager.m; sourceTree = "<group>"; };
		C173C0061ED5507600BCD66F /* XJFServerManager.h */ = {isa = PBXFileReference; fileEncoding = 4; lastKnownFileType = sourcecode.c.h; path = XJFServerManager.h; sourceTree = "<group>"; };
		C173C0071ED5507600BCD66F /* XJFServerManager.m */ = {isa = PBXFileReference; fileEncoding = 4; lastKnownFileType = sourcecode.c.objc; path = XJFServerManager.m; sourceTree = "<group>"; };
		C173C00B1ED5507600BCD66F /* XJFBackgroundView.h */ = {isa = PBXFileReference; fileEncoding = 4; lastKnownFileType = sourcecode.c.h; path = XJFBackgroundView.h; sourceTree = "<group>"; };
		C173C00C1ED5507600BCD66F /* XJFBackgroundView.m */ = {isa = PBXFileReference; fileEncoding = 4; lastKnownFileType = sourcecode.c.objc; path = XJFBackgroundView.m; sourceTree = "<group>"; };
		C173C00E1ED5507600BCD66F /* XJFSeperatorLineView.h */ = {isa = PBXFileReference; fileEncoding = 4; lastKnownFileType = sourcecode.c.h; path = XJFSeperatorLineView.h; sourceTree = "<group>"; };
		C173C00F1ED5507600BCD66F /* XJFSeperatorLineView.m */ = {isa = PBXFileReference; fileEncoding = 4; lastKnownFileType = sourcecode.c.objc; path = XJFSeperatorLineView.m; sourceTree = "<group>"; };
		C173C0121ED5507600BCD66F /* XJFUILabel.h */ = {isa = PBXFileReference; fileEncoding = 4; lastKnownFileType = sourcecode.c.h; path = XJFUILabel.h; sourceTree = "<group>"; };
		C173C0131ED5507600BCD66F /* XJFUILabel.m */ = {isa = PBXFileReference; fileEncoding = 4; lastKnownFileType = sourcecode.c.objc; path = XJFUILabel.m; sourceTree = "<group>"; };
		C173C02B1ED552E000BCD66F /* XJFContoller.h */ = {isa = PBXFileReference; fileEncoding = 4; lastKnownFileType = sourcecode.c.h; path = XJFContoller.h; sourceTree = "<group>"; };
		C173C02C1ED5618600BCD66F /* XJFUtils.h */ = {isa = PBXFileReference; fileEncoding = 4; lastKnownFileType = sourcecode.c.h; path = XJFUtils.h; sourceTree = "<group>"; };
		C173C02E1ED562E300BCD66F /* XJFView.h */ = {isa = PBXFileReference; fileEncoding = 4; lastKnownFileType = sourcecode.c.h; path = XJFView.h; sourceTree = "<group>"; };
		C173C0301ED5643600BCD66F /* CommonConst.h */ = {isa = PBXFileReference; fileEncoding = 4; lastKnownFileType = sourcecode.c.h; path = CommonConst.h; sourceTree = "<group>"; };
		C173C0311ED5643600BCD66F /* NetWorkAPI.h */ = {isa = PBXFileReference; fileEncoding = 4; lastKnownFileType = sourcecode.c.h; path = NetWorkAPI.h; sourceTree = "<group>"; };
		C173C0321ED5643600BCD66F /* NotificationConst.h */ = {isa = PBXFileReference; fileEncoding = 4; lastKnownFileType = sourcecode.c.h; path = NotificationConst.h; sourceTree = "<group>"; };
		C173C0331ED5643600BCD66F /* NotificationConst.m */ = {isa = PBXFileReference; fileEncoding = 4; lastKnownFileType = sourcecode.c.objc; path = NotificationConst.m; sourceTree = "<group>"; };
		C173C0341ED5643600BCD66F /* ThemeConst.h */ = {isa = PBXFileReference; fileEncoding = 4; lastKnownFileType = sourcecode.c.h; path = ThemeConst.h; sourceTree = "<group>"; };
		C173C0351ED5643600BCD66F /* TheThirdPartConst.h */ = {isa = PBXFileReference; fileEncoding = 4; lastKnownFileType = sourcecode.c.h; path = TheThirdPartConst.h; sourceTree = "<group>"; };
		C173C0361ED5643600BCD66F /* UserDefaultConst.h */ = {isa = PBXFileReference; fileEncoding = 4; lastKnownFileType = sourcecode.c.h; path = UserDefaultConst.h; sourceTree = "<group>"; };
		C173C0371ED5643600BCD66F /* UtilsMacro.h */ = {isa = PBXFileReference; fileEncoding = 4; lastKnownFileType = sourcecode.c.h; path = UtilsMacro.h; sourceTree = "<group>"; };
		C173C0391ED5647300BCD66F /* CustomFramework.h */ = {isa = PBXFileReference; fileEncoding = 4; lastKnownFileType = sourcecode.c.h; path = CustomFramework.h; sourceTree = "<group>"; };
		C173C03B1ED567FB00BCD66F /* XJFConstant.h */ = {isa = PBXFileReference; fileEncoding = 4; lastKnownFileType = sourcecode.c.h; path = XJFConstant.h; sourceTree = "<group>"; };
		C173C03C1ED568C900BCD66F /* XJFCategory.h */ = {isa = PBXFileReference; fileEncoding = 4; lastKnownFileType = sourcecode.c.h; path = XJFCategory.h; sourceTree = "<group>"; };
		C173C03D1ED56F2E00BCD66F /* XJFUIButton.h */ = {isa = PBXFileReference; fileEncoding = 4; lastKnownFileType = sourcecode.c.h; path = XJFUIButton.h; sourceTree = "<group>"; };
		C173C03E1ED56F2E00BCD66F /* XJFUIButton.m */ = {isa = PBXFileReference; fileEncoding = 4; lastKnownFileType = sourcecode.c.objc; path = XJFUIButton.m; sourceTree = "<group>"; };
		C173C03F1ED56F2E00BCD66F /* XJFUIImageView.h */ = {isa = PBXFileReference; fileEncoding = 4; lastKnownFileType = sourcecode.c.h; path = XJFUIImageView.h; sourceTree = "<group>"; };
		C173C0401ED56F2E00BCD66F /* XJFUIImageView.m */ = {isa = PBXFileReference; fileEncoding = 4; lastKnownFileType = sourcecode.c.objc; path = XJFUIImageView.m; sourceTree = "<group>"; };
		C173C0431ED56F2E00BCD66F /* XJFUITextField.h */ = {isa = PBXFileReference; fileEncoding = 4; lastKnownFileType = sourcecode.c.h; path = XJFUITextField.h; sourceTree = "<group>"; };
		C173C0441ED56F2E00BCD66F /* XJFUITextField.m */ = {isa = PBXFileReference; fileEncoding = 4; lastKnownFileType = sourcecode.c.objc; path = XJFUITextField.m; sourceTree = "<group>"; };
		C173C0451ED56F2E00BCD66F /* XJFUITextView.h */ = {isa = PBXFileReference; fileEncoding = 4; lastKnownFileType = sourcecode.c.h; path = XJFUITextView.h; sourceTree = "<group>"; };
		C173C0461ED56F2E00BCD66F /* XJFUITextView.m */ = {isa = PBXFileReference; fileEncoding = 4; lastKnownFileType = sourcecode.c.objc; path = XJFUITextView.m; sourceTree = "<group>"; };
		C173C04C1ED5702400BCD66F /* XJFUIView.h */ = {isa = PBXFileReference; fileEncoding = 4; lastKnownFileType = sourcecode.c.h; path = XJFUIView.h; sourceTree = "<group>"; };
		C173C04D1ED5702400BCD66F /* XJFUIView.m */ = {isa = PBXFileReference; fileEncoding = 4; lastKnownFileType = sourcecode.c.objc; path = XJFUIView.m; sourceTree = "<group>"; };
		C185A1DA1ECECFB500877798 /* PrefixHeader.pch */ = {isa = PBXFileReference; fileEncoding = 4; lastKnownFileType = sourcecode.c.h; path = PrefixHeader.pch; sourceTree = "<group>"; };
		C1CB46741ED7F9390091732C /* DeviceScreenSize.plist */ = {isa = PBXFileReference; fileEncoding = 4; lastKnownFileType = text.plist.xml; path = DeviceScreenSize.plist; sourceTree = "<group>"; };
		C1CB46761ED803B20091732C /* EMScreenSizeManager.h */ = {isa = PBXFileReference; fileEncoding = 4; lastKnownFileType = sourcecode.c.h; path = EMScreenSizeManager.h; sourceTree = "<group>"; };
		C1CB46771ED803B20091732C /* EMScreenSizeManager.m */ = {isa = PBXFileReference; fileEncoding = 4; lastKnownFileType = sourcecode.c.objc; path = EMScreenSizeManager.m; sourceTree = "<group>"; };
		CC0F0F9B1EEACEF9002FD6DF /* banner@2x.png */ = {isa = PBXFileReference; lastKnownFileType = image.png; path = "banner@2x.png"; sourceTree = "<group>"; };
		CC0F0F9C1EEACEF9002FD6DF /* button_jia_highlight@2x.png */ = {isa = PBXFileReference; lastKnownFileType = image.png; path = "button_jia_highlight@2x.png"; sourceTree = "<group>"; };
		CC0F0F9D1EEACEF9002FD6DF /* button_jia@2x.png */ = {isa = PBXFileReference; lastKnownFileType = image.png; path = "button_jia@2x.png"; sourceTree = "<group>"; };
		CC0F0F9E1EEACEF9002FD6DF /* button_jian_highlight@2x.png */ = {isa = PBXFileReference; lastKnownFileType = image.png; path = "button_jian_highlight@2x.png"; sourceTree = "<group>"; };
		CC0F0F9F1EEACEF9002FD6DF /* button_jian@2x.png */ = {isa = PBXFileReference; lastKnownFileType = image.png; path = "button_jian@2x.png"; sourceTree = "<group>"; };
		CC0F0FA01EEACEF9002FD6DF /* button_wancheng_highlight@2x.png */ = {isa = PBXFileReference; lastKnownFileType = image.png; path = "button_wancheng_highlight@2x.png"; sourceTree = "<group>"; };
		CC0F0FA11EEACEF9002FD6DF /* button_wancheng@2x.png */ = {isa = PBXFileReference; lastKnownFileType = image.png; path = "button_wancheng@2x.png"; sourceTree = "<group>"; };
		CC0F0FA21EEACEF9002FD6DF /* image_muzhi@2x.png */ = {isa = PBXFileReference; lastKnownFileType = image.png; path = "image_muzhi@2x.png"; sourceTree = "<group>"; };
		CC0F0FA31EEACEF9002FD6DF /* image_qitashouzhi@2x.png */ = {isa = PBXFileReference; lastKnownFileType = image.png; path = "image_qitashouzhi@2x.png"; sourceTree = "<group>"; };
		CC0F0FA41EEACEF9002FD6DF /* image@2x.png */ = {isa = PBXFileReference; lastKnownFileType = image.png; path = "image@2x.png"; sourceTree = "<group>"; };
		CC0F0FA51EEACEF9002FD6DF /* shou_1@2x.png */ = {isa = PBXFileReference; lastKnownFileType = image.png; path = "shou_1@2x.png"; sourceTree = "<group>"; };
		CC0F0FA61EEACEF9002FD6DF /* titel_button_fanhui_highlight@2x.png */ = {isa = PBXFileReference; lastKnownFileType = image.png; path = "titel_button_fanhui_highlight@2x.png"; sourceTree = "<group>"; };
		CC0F0FA71EEACEF9002FD6DF /* titel_button_fanhui@2x.png */ = {isa = PBXFileReference; lastKnownFileType = image.png; path = "titel_button_fanhui@2x.png"; sourceTree = "<group>"; };
		CC0F0FA81EEACEF9002FD6DF /* titel_button_jilu_highlight@2x.png */ = {isa = PBXFileReference; lastKnownFileType = image.png; path = "titel_button_jilu_highlight@2x.png"; sourceTree = "<group>"; };
		CC0F0FA91EEACEF9002FD6DF /* titel_button_jilu@2x.png */ = {isa = PBXFileReference; lastKnownFileType = image.png; path = "titel_button_jilu@2x.png"; sourceTree = "<group>"; };
		CC0F0FB91EEACF0A002FD6DF /* button_jia_highlight@3x.png */ = {isa = PBXFileReference; lastKnownFileType = image.png; path = "button_jia_highlight@3x.png"; sourceTree = "<group>"; };
		CC0F0FBA1EEACF0A002FD6DF /* button_jia@3x.png */ = {isa = PBXFileReference; lastKnownFileType = image.png; path = "button_jia@3x.png"; sourceTree = "<group>"; };
		CC0F0FBB1EEACF0A002FD6DF /* button_jian_highlight@3x.png */ = {isa = PBXFileReference; lastKnownFileType = image.png; path = "button_jian_highlight@3x.png"; sourceTree = "<group>"; };
		CC0F0FBC1EEACF0A002FD6DF /* button_jian@3x.png */ = {isa = PBXFileReference; lastKnownFileType = image.png; path = "button_jian@3x.png"; sourceTree = "<group>"; };
		CC0F0FBD1EEACF0A002FD6DF /* button_wancheng_highlight@3x.png */ = {isa = PBXFileReference; lastKnownFileType = image.png; path = "button_wancheng_highlight@3x.png"; sourceTree = "<group>"; };
		CC0F0FBE1EEACF0B002FD6DF /* button_wancheng@3x.png */ = {isa = PBXFileReference; lastKnownFileType = image.png; path = "button_wancheng@3x.png"; sourceTree = "<group>"; };
		CC0F0FBF1EEACF0B002FD6DF /* image@3x.png */ = {isa = PBXFileReference; lastKnownFileType = image.png; path = "image@3x.png"; sourceTree = "<group>"; };
		CC0F0FC01EEACF0B002FD6DF /* shou_1@3x.png */ = {isa = PBXFileReference; lastKnownFileType = image.png; path = "shou_1@3x.png"; sourceTree = "<group>"; };
		CC0F0FC11EEACF0B002FD6DF /* titel_button_fanhui_highlight@3x.png */ = {isa = PBXFileReference; lastKnownFileType = image.png; path = "titel_button_fanhui_highlight@3x.png"; sourceTree = "<group>"; };
		CC0F0FC21EEACF0B002FD6DF /* titel_button_fanhui@3x.png */ = {isa = PBXFileReference; lastKnownFileType = image.png; path = "titel_button_fanhui@3x.png"; sourceTree = "<group>"; };
		CC0F0FC31EEACF0B002FD6DF /* titel_button_jilu_highlight@3x.png */ = {isa = PBXFileReference; lastKnownFileType = image.png; path = "titel_button_jilu_highlight@3x.png"; sourceTree = "<group>"; };
		CC0F0FC41EEACF0B002FD6DF /* titel_button_jilu@3x.png */ = {isa = PBXFileReference; lastKnownFileType = image.png; path = "titel_button_jilu@3x.png"; sourceTree = "<group>"; };
		CC0F0FE31EEAE78D002FD6DF /* UtilsEnum.h */ = {isa = PBXFileReference; lastKnownFileType = sourcecode.c.h; path = UtilsEnum.h; sourceTree = "<group>"; };
		CC1EF5A11EF2DB19004B3B12 /* EMMeasureButton.h */ = {isa = PBXFileReference; fileEncoding = 4; lastKnownFileType = sourcecode.c.h; path = EMMeasureButton.h; sourceTree = "<group>"; };
		CC1EF5A21EF2DB19004B3B12 /* EMMeasureButton.m */ = {isa = PBXFileReference; fileEncoding = 4; lastKnownFileType = sourcecode.c.objc; path = EMMeasureButton.m; sourceTree = "<group>"; };
		CC1EF5A41EF2DB9C004B3B12 /* muzhi_1@2x.png */ = {isa = PBXFileReference; lastKnownFileType = image.png; path = "muzhi_1@2x.png"; sourceTree = "<group>"; };
		CC1EF5A81EF2DBB5004B3B12 /* muzhi_1@3x.png */ = {isa = PBXFileReference; lastKnownFileType = image.png; path = "muzhi_1@3x.png"; sourceTree = "<group>"; };
		CC1EF5AC1EF2DD13004B3B12 /* EMMeasureResultViewController.h */ = {isa = PBXFileReference; fileEncoding = 4; lastKnownFileType = sourcecode.c.h; path = EMMeasureResultViewController.h; sourceTree = "<group>"; };
		CC1EF5AD1EF2DD13004B3B12 /* EMMeasureResultViewController.m */ = {isa = PBXFileReference; fileEncoding = 4; lastKnownFileType = sourcecode.c.objc; path = EMMeasureResultViewController.m; sourceTree = "<group>"; };
		CC1EF5AF1EF2DD45004B3B12 /* EMFingerView.h */ = {isa = PBXFileReference; fileEncoding = 4; lastKnownFileType = sourcecode.c.h; path = EMFingerView.h; sourceTree = "<group>"; };
		CC1EF5B01EF2DD45004B3B12 /* EMFingerView.m */ = {isa = PBXFileReference; fileEncoding = 4; lastKnownFileType = sourcecode.c.objc; path = EMFingerView.m; sourceTree = "<group>"; };
		CC1EF5B21EF2DD6C004B3B12 /* EMMainView.h */ = {isa = PBXFileReference; fileEncoding = 4; lastKnownFileType = sourcecode.c.h; path = EMMainView.h; sourceTree = "<group>"; };
		CC1EF5B31EF2DD6C004B3B12 /* EMMainView.m */ = {isa = PBXFileReference; fileEncoding = 4; lastKnownFileType = sourcecode.c.objc; path = EMMainView.m; sourceTree = "<group>"; };
		CC1EF5B51EF2DD9B004B3B12 /* EMMeasureResultView.h */ = {isa = PBXFileReference; fileEncoding = 4; lastKnownFileType = sourcecode.c.h; path = EMMeasureResultView.h; sourceTree = "<group>"; };
		CC1EF5B61EF2DD9B004B3B12 /* EMMeasureResultView.m */ = {isa = PBXFileReference; fileEncoding = 4; lastKnownFileType = sourcecode.c.objc; path = EMMeasureResultView.m; sourceTree = "<group>"; };
		CC1EF5B81EF2DDC5004B3B12 /* EMMeasureView.h */ = {isa = PBXFileReference; fileEncoding = 4; lastKnownFileType = sourcecode.c.h; path = EMMeasureView.h; sourceTree = "<group>"; };
		CC1EF5B91EF2DDC5004B3B12 /* EMMeasureView.m */ = {isa = PBXFileReference; fileEncoding = 4; lastKnownFileType = sourcecode.c.objc; path = EMMeasureView.m; sourceTree = "<group>"; };
		CC2A14211F12EDA1008CC95B /* EMFingerTypeViewController.h */ = {isa = PBXFileReference; fileEncoding = 4; lastKnownFileType = sourcecode.c.h; path = EMFingerTypeViewController.h; sourceTree = "<group>"; };
		CC2A14221F12EDA1008CC95B /* EMFingerTypeViewController.m */ = {isa = PBXFileReference; fileEncoding = 4; lastKnownFileType = sourcecode.c.objc; path = EMFingerTypeViewController.m; sourceTree = "<group>"; };
		CC2A14241F12EDB6008CC95B /* EMFingerTypeView.h */ = {isa = PBXFileReference; fileEncoding = 4; lastKnownFileType = sourcecode.c.h; path = EMFingerTypeView.h; sourceTree = "<group>"; };
		CC2A14251F12EDB7008CC95B /* EMFingerTypeView.m */ = {isa = PBXFileReference; fileEncoding = 4; lastKnownFileType = sourcecode.c.objc; path = EMFingerTypeView.m; sourceTree = "<group>"; };
		CC2A14271F12F449008CC95B /* EMFingerTypePopView.h */ = {isa = PBXFileReference; fileEncoding = 4; lastKnownFileType = sourcecode.c.h; path = EMFingerTypePopView.h; sourceTree = "<group>"; };
		CC2A14281F12F449008CC95B /* EMFingerTypePopView.m */ = {isa = PBXFileReference; fileEncoding = 4; lastKnownFileType = sourcecode.c.objc; path = EMFingerTypePopView.m; sourceTree = "<group>"; };
		CC2A142A1F12F486008CC95B /* EMMeasurePopView.h */ = {isa = PBXFileReference; fileEncoding = 4; lastKnownFileType = sourcecode.c.h; path = EMMeasurePopView.h; sourceTree = "<group>"; };
		CC2A142B1F12F486008CC95B /* EMMeasurePopView.m */ = {isa = PBXFileReference; fileEncoding = 4; lastKnownFileType = sourcecode.c.objc; path = EMMeasurePopView.m; sourceTree = "<group>"; };
		CC2F5CEE1EF4FBC50006A68D /* shou_2@2x.png */ = {isa = PBXFileReference; lastKnownFileType = image.png; path = "shou_2@2x.png"; sourceTree = "<group>"; };
		CC2F5CF01EF4FBD30006A68D /* shou_2@3x.png */ = {isa = PBXFileReference; lastKnownFileType = image.png; path = "shou_2@3x.png"; sourceTree = "<group>"; };
		CC2F5CF21EF4FBE60006A68D /* muzhi_2@2x.png */ = {isa = PBXFileReference; lastKnownFileType = image.png; path = "muzhi_2@2x.png"; sourceTree = "<group>"; };
		CC2F5CF41EF4FBEA0006A68D /* muzhi_2@3x.png */ = {isa = PBXFileReference; lastKnownFileType = image.png; path = "muzhi_2@3x.png"; sourceTree = "<group>"; };
		CC2F5CFC1EF54E0F0006A68D /* yindaoye@2x.png */ = {isa = PBXFileReference; lastKnownFileType = image.png; path = "yindaoye@2x.png"; sourceTree = "<group>"; };
		CC2F5CFE1EF54E1A0006A68D /* yindaoye@3x.png */ = {isa = PBXFileReference; lastKnownFileType = image.png; path = "yindaoye@3x.png"; sourceTree = "<group>"; };
		CC4C3EF81F144D7E00DD5957 /* VersionModel.h */ = {isa = PBXFileReference; fileEncoding = 4; lastKnownFileType = sourcecode.c.h; path = VersionModel.h; sourceTree = "<group>"; };
		CC4C3EF91F144D7E00DD5957 /* VersionModel.m */ = {isa = PBXFileReference; fileEncoding = 4; lastKnownFileType = sourcecode.c.objc; path = VersionModel.m; sourceTree = "<group>"; };
		CC4C3EFC1F144E5C00DD5957 /* NSFileManager+Extensions.h */ = {isa = PBXFileReference; fileEncoding = 4; lastKnownFileType = sourcecode.c.h; path = "NSFileManager+Extensions.h"; sourceTree = "<group>"; };
		CC4C3EFD1F144E5C00DD5957 /* NSFileManager+Extensions.m */ = {isa = PBXFileReference; fileEncoding = 4; lastKnownFileType = sourcecode.c.objc; path = "NSFileManager+Extensions.m"; sourceTree = "<group>"; };
		CC6FAAF01EF80B310069D8B5 /* button_highlight@2x.png */ = {isa = PBXFileReference; lastKnownFileType = image.png; path = "button_highlight@2x.png"; sourceTree = "<group>"; };
		CC6FAAF11EF80B310069D8B5 /* button@2x.png */ = {isa = PBXFileReference; lastKnownFileType = image.png; path = "button@2x.png"; sourceTree = "<group>"; };
		CC6FAAF21EF80B310069D8B5 /* jiantou@2x.png */ = {isa = PBXFileReference; lastKnownFileType = image.png; path = "jiantou@2x.png"; sourceTree = "<group>"; };
		CC6FAAF31EF80B310069D8B5 /* text@2x.png */ = {isa = PBXFileReference; lastKnownFileType = image.png; path = "text@2x.png"; sourceTree = "<group>"; };
		CC6FAAF81EF80B3D0069D8B5 /* button_highlight@3x.png */ = {isa = PBXFileReference; lastKnownFileType = image.png; path = "button_highlight@3x.png"; sourceTree = "<group>"; };
		CC6FAAF91EF80B3D0069D8B5 /* button@3x.png */ = {isa = PBXFileReference; lastKnownFileType = image.png; path = "button@3x.png"; sourceTree = "<group>"; };
		CC6FAAFA1EF80B3D0069D8B5 /* jiantou@3x.png */ = {isa = PBXFileReference; lastKnownFileType = image.png; path = "jiantou@3x.png"; sourceTree = "<group>"; };
		CC6FAAFB1EF80B3D0069D8B5 /* text@3x.png */ = {isa = PBXFileReference; lastKnownFileType = image.png; path = "text@3x.png"; sourceTree = "<group>"; };
		CC708F901EEC13060087AD74 /* NSDate+Extension.h */ = {isa = PBXFileReference; fileEncoding = 4; lastKnownFileType = sourcecode.c.h; path = "NSDate+Extension.h"; sourceTree = "<group>"; };
		CC708F911EEC13060087AD74 /* NSDate+Extension.m */ = {isa = PBXFileReference; fileEncoding = 4; lastKnownFileType = sourcecode.c.objc; path = "NSDate+Extension.m"; sourceTree = "<group>"; };
		CC708F931EEC130F0087AD74 /* UIImage+Extension.h */ = {isa = PBXFileReference; fileEncoding = 4; lastKnownFileType = sourcecode.c.h; path = "UIImage+Extension.h"; sourceTree = "<group>"; };
		CC708F941EEC130F0087AD74 /* UIImage+Extension.m */ = {isa = PBXFileReference; fileEncoding = 4; lastKnownFileType = sourcecode.c.objc; path = "UIImage+Extension.m"; sourceTree = "<group>"; };
		CC708F981EEC131B0087AD74 /* EMFingerChooseViewController.h */ = {isa = PBXFileReference; fileEncoding = 4; lastKnownFileType = sourcecode.c.h; path = EMFingerChooseViewController.h; sourceTree = "<group>"; };
		CC708F991EEC131B0087AD74 /* EMFingerChooseViewController.m */ = {isa = PBXFileReference; fileEncoding = 4; lastKnownFileType = sourcecode.c.objc; path = EMFingerChooseViewController.m; sourceTree = "<group>"; };
		CC708F9A1EEC131B0087AD74 /* EMMainViewController.h */ = {isa = PBXFileReference; fileEncoding = 4; lastKnownFileType = sourcecode.c.h; path = EMMainViewController.h; sourceTree = "<group>"; };
		CC708F9B1EEC131B0087AD74 /* EMMainViewController.m */ = {isa = PBXFileReference; fileEncoding = 4; lastKnownFileType = sourcecode.c.objc; path = EMMainViewController.m; sourceTree = "<group>"; };
		CC708F9C1EEC131B0087AD74 /* EMMeasurementViewController.h */ = {isa = PBXFileReference; fileEncoding = 4; lastKnownFileType = sourcecode.c.h; path = EMMeasurementViewController.h; sourceTree = "<group>"; };
		CC708F9D1EEC131B0087AD74 /* EMMeasurementViewController.m */ = {isa = PBXFileReference; fileEncoding = 4; lastKnownFileType = sourcecode.c.objc; path = EMMeasurementViewController.m; sourceTree = "<group>"; };
		CC708FA01EEC131B0087AD74 /* EMMeasureViewController.h */ = {isa = PBXFileReference; fileEncoding = 4; lastKnownFileType = sourcecode.c.h; path = EMMeasureViewController.h; sourceTree = "<group>"; };
		CC708FA11EEC131B0087AD74 /* EMMeasureViewController.m */ = {isa = PBXFileReference; fileEncoding = 4; lastKnownFileType = sourcecode.c.objc; path = EMMeasureViewController.m; sourceTree = "<group>"; };
		CC708FA21EEC131B0087AD74 /* EMNavigationController.h */ = {isa = PBXFileReference; fileEncoding = 4; lastKnownFileType = sourcecode.c.h; path = EMNavigationController.h; sourceTree = "<group>"; };
		CC708FA31EEC131B0087AD74 /* EMNavigationController.m */ = {isa = PBXFileReference; fileEncoding = 4; lastKnownFileType = sourcecode.c.objc; path = EMNavigationController.m; sourceTree = "<group>"; };
		CC708FA41EEC131B0087AD74 /* EMResultsListViewController.h */ = {isa = PBXFileReference; fileEncoding = 4; lastKnownFileType = sourcecode.c.h; path = EMResultsListViewController.h; sourceTree = "<group>"; };
		CC708FA51EEC131B0087AD74 /* EMResultsListViewController.m */ = {isa = PBXFileReference; fileEncoding = 4; lastKnownFileType = sourcecode.c.objc; path = EMResultsListViewController.m; sourceTree = "<group>"; };
		CC708FA71EEC131B0087AD74 /* EMMeasureModel.h */ = {isa = PBXFileReference; fileEncoding = 4; lastKnownFileType = sourcecode.c.h; path = EMMeasureModel.h; sourceTree = "<group>"; };
		CC708FA81EEC131B0087AD74 /* EMMeasureModel.m */ = {isa = PBXFileReference; fileEncoding = 4; lastKnownFileType = sourcecode.c.objc; path = EMMeasureModel.m; sourceTree = "<group>"; };
		CC708FAA1EEC131B0087AD74 /* EMDegreeView.h */ = {isa = PBXFileReference; fileEncoding = 4; lastKnownFileType = sourcecode.c.h; path = EMDegreeView.h; sourceTree = "<group>"; };
		CC708FAB1EEC131B0087AD74 /* EMDegreeView.m */ = {isa = PBXFileReference; fileEncoding = 4; lastKnownFileType = sourcecode.c.objc; path = EMDegreeView.m; sourceTree = "<group>"; };
		CC708FB01EEC131B0087AD74 /* EMMeasureCell.h */ = {isa = PBXFileReference; fileEncoding = 4; lastKnownFileType = sourcecode.c.h; path = EMMeasureCell.h; sourceTree = "<group>"; };
		CC708FB11EEC131B0087AD74 /* EMMeasureCell.m */ = {isa = PBXFileReference; fileEncoding = 4; lastKnownFileType = sourcecode.c.objc; path = EMMeasureCell.m; sourceTree = "<group>"; };
		CC708FC41EEC1FCC0087AD74 /* EMDegree.plist */ = {isa = PBXFileReference; fileEncoding = 4; lastKnownFileType = text.plist.xml; path = EMDegree.plist; sourceTree = "<group>"; };
		CC708FDA1EEED7920087AD74 /* titel_text@2x.png */ = {isa = PBXFileReference; lastKnownFileType = image.png; path = "titel_text@2x.png"; sourceTree = "<group>"; };
		CC708FDC1EEED7990087AD74 /* titel_text@3x.png */ = {isa = PBXFileReference; lastKnownFileType = image.png; path = "titel_text@3x.png"; sourceTree = "<group>"; };
		CC708FE11EEEDAE20087AD74 /* EMFingerChooseView.h */ = {isa = PBXFileReference; fileEncoding = 4; lastKnownFileType = sourcecode.c.h; path = EMFingerChooseView.h; sourceTree = "<group>"; };
		CC708FE21EEEDAE20087AD74 /* EMFingerChooseView.m */ = {isa = PBXFileReference; fileEncoding = 4; lastKnownFileType = sourcecode.c.objc; path = EMFingerChooseView.m; sourceTree = "<group>"; };
		CC708FE41EEEDC030087AD74 /* EMMeasurementView.h */ = {isa = PBXFileReference; fileEncoding = 4; lastKnownFileType = sourcecode.c.h; path = EMMeasurementView.h; sourceTree = "<group>"; };
		CC708FE51EEEDC030087AD74 /* EMMeasurementView.m */ = {isa = PBXFileReference; fileEncoding = 4; lastKnownFileType = sourcecode.c.objc; path = EMMeasurementView.m; sourceTree = "<group>"; };
		CC708FED1EEEE4950087AD74 /* EMResultsListView.h */ = {isa = PBXFileReference; fileEncoding = 4; lastKnownFileType = sourcecode.c.h; path = EMResultsListView.h; sourceTree = "<group>"; };
		CC708FEE1EEEE4950087AD74 /* EMResultsListView.m */ = {isa = PBXFileReference; fileEncoding = 4; lastKnownFileType = sourcecode.c.objc; path = EMResultsListView.m; sourceTree = "<group>"; };
		CC89558F1EFF9EB30083E710 /* EMGuideViewController.h */ = {isa = PBXFileReference; fileEncoding = 4; lastKnownFileType = sourcecode.c.h; path = EMGuideViewController.h; sourceTree = "<group>"; };
		CC8955901EFF9EB30083E710 /* EMGuideViewController.m */ = {isa = PBXFileReference; fileEncoding = 4; lastKnownFileType = sourcecode.c.objc; path = EMGuideViewController.m; sourceTree = "<group>"; };
		CC8955951EFFA45C0083E710 /* EMGuideView.h */ = {isa = PBXFileReference; fileEncoding = 4; lastKnownFileType = sourcecode.c.h; path = EMGuideView.h; sourceTree = "<group>"; };
		CC8955961EFFA45C0083E710 /* EMGuideView.m */ = {isa = PBXFileReference; fileEncoding = 4; lastKnownFileType = sourcecode.c.objc; path = EMGuideView.m; sourceTree = "<group>"; };
		CC8955A01EFFA94F0083E710 /* EMGuideImageView.h */ = {isa = PBXFileReference; fileEncoding = 4; lastKnownFileType = sourcecode.c.h; path = EMGuideImageView.h; sourceTree = "<group>"; };
		CC8955A11EFFA94F0083E710 /* EMGuideImageView.m */ = {isa = PBXFileReference; fileEncoding = 4; lastKnownFileType = sourcecode.c.objc; path = EMGuideImageView.m; sourceTree = "<group>"; };
		CCC292AB1F123F3D00308973 /* shouzhi@2x.png */ = {isa = PBXFileReference; lastKnownFileType = image.png; path = "shouzhi@2x.png"; sourceTree = "<group>"; };
		CCC292AC1F123F3D00308973 /* text1@2x.png */ = {isa = PBXFileReference; lastKnownFileType = image.png; path = "text1@2x.png"; sourceTree = "<group>"; };
		CCC292AD1F123F3D00308973 /* text2@2x.png */ = {isa = PBXFileReference; lastKnownFileType = image.png; path = "text2@2x.png"; sourceTree = "<group>"; };
		CCC292AE1F123F3D00308973 /* text3@2x.png */ = {isa = PBXFileReference; lastKnownFileType = image.png; path = "text3@2x.png"; sourceTree = "<group>"; };
		CCC292AF1F123F3D00308973 /* text4@2x.png */ = {isa = PBXFileReference; lastKnownFileType = image.png; path = "text4@2x.png"; sourceTree = "<group>"; };
		CCC292B51F123F4900308973 /* shouzhi@3x.png */ = {isa = PBXFileReference; lastKnownFileType = image.png; path = "shouzhi@3x.png"; sourceTree = "<group>"; };
		CCC292B61F123F4900308973 /* text1@3x.png */ = {isa = PBXFileReference; lastKnownFileType = image.png; path = "text1@3x.png"; sourceTree = "<group>"; };
		CCC292B71F123F4900308973 /* text2@3x.png */ = {isa = PBXFileReference; lastKnownFileType = image.png; path = "text2@3x.png"; sourceTree = "<group>"; };
		CCC292B81F123F4900308973 /* text3@3x.png */ = {isa = PBXFileReference; lastKnownFileType = image.png; path = "text3@3x.png"; sourceTree = "<group>"; };
		CCC292B91F123F4900308973 /* text4@3x.png */ = {isa = PBXFileReference; lastKnownFileType = image.png; path = "text4@3x.png"; sourceTree = "<group>"; };
		CCC292BF1F123F6A00308973 /* loading_1_640x960@2x.png */ = {isa = PBXFileReference; lastKnownFileType = image.png; path = "loading_1_640x960@2x.png"; sourceTree = "<group>"; };
		CCC292C01F123F6A00308973 /* loading_1_640x1136@2x.png */ = {isa = PBXFileReference; lastKnownFileType = image.png; path = "loading_1_640x1136@2x.png"; sourceTree = "<group>"; };
		CCC292C11F123F6A00308973 /* loading_1_750x1334@2x.png */ = {isa = PBXFileReference; lastKnownFileType = image.png; path = "loading_1_750x1334@2x.png"; sourceTree = "<group>"; };
		CCC292C21F123F6A00308973 /* loading_1_1242x2208@2x.png */ = {isa = PBXFileReference; lastKnownFileType = image.png; path = "loading_1_1242x2208@2x.png"; sourceTree = "<group>"; };
		CCC292C31F123F6A00308973 /* loading_2_640x960@2x.png */ = {isa = PBXFileReference; lastKnownFileType = image.png; path = "loading_2_640x960@2x.png"; sourceTree = "<group>"; };
		CCC292C41F123F6A00308973 /* loading_2_640x1136@2x.png */ = {isa = PBXFileReference; lastKnownFileType = image.png; path = "loading_2_640x1136@2x.png"; sourceTree = "<group>"; };
		CCC292C51F123F6A00308973 /* loading_2_750x1334@2x.png */ = {isa = PBXFileReference; lastKnownFileType = image.png; path = "loading_2_750x1334@2x.png"; sourceTree = "<group>"; };
		CCC292C61F123F6A00308973 /* loading_2_1242x2208@2x.png */ = {isa = PBXFileReference; lastKnownFileType = image.png; path = "loading_2_1242x2208@2x.png"; sourceTree = "<group>"; };
		CCC292CF1F1241FC00308973 /* 1_02@2x.png */ = {isa = PBXFileReference; lastKnownFileType = image.png; path = "1_02@2x.png"; sourceTree = "<group>"; };
		CCC292D01F1241FC00308973 /* 1_03@2x.png */ = {isa = PBXFileReference; lastKnownFileType = image.png; path = "1_03@2x.png"; sourceTree = "<group>"; };
		CCC292D11F1241FC00308973 /* 1_04@2x.png */ = {isa = PBXFileReference; lastKnownFileType = image.png; path = "1_04@2x.png"; sourceTree = "<group>"; };
		CCC292D21F1241FC00308973 /* 1_05@2x.png */ = {isa = PBXFileReference; lastKnownFileType = image.png; path = "1_05@2x.png"; sourceTree = "<group>"; };
		CCC292D31F1241FC00308973 /* 1_06@2x.png */ = {isa = PBXFileReference; lastKnownFileType = image.png; path = "1_06@2x.png"; sourceTree = "<group>"; };
		CCC292D41F1241FC00308973 /* 2_02@2x.png */ = {isa = PBXFileReference; lastKnownFileType = image.png; path = "2_02@2x.png"; sourceTree = "<group>"; };
		CCC292D51F1241FC00308973 /* 2_03@2x.png */ = {isa = PBXFileReference; lastKnownFileType = image.png; path = "2_03@2x.png"; sourceTree = "<group>"; };
		CCC292D61F1241FC00308973 /* 2_04@2x.png */ = {isa = PBXFileReference; lastKnownFileType = image.png; path = "2_04@2x.png"; sourceTree = "<group>"; };
		CCC292D71F1241FC00308973 /* 2_05@2x.png */ = {isa = PBXFileReference; lastKnownFileType = image.png; path = "2_05@2x.png"; sourceTree = "<group>"; };
		CCC292D81F1241FC00308973 /* 2_06@2x.png */ = {isa = PBXFileReference; lastKnownFileType = image.png; path = "2_06@2x.png"; sourceTree = "<group>"; };
/* End PBXFileReference section */

/* Begin PBXFrameworksBuildPhase section */
		C11CB76A1ECE877E006E67D5 /* Frameworks */ = {
			isa = PBXFrameworksBuildPhase;
			buildActionMask = 2147483647;
			files = (
				801252101A13CE78C36DC949 /* libPods-easyMeasure.a in Frameworks */,
			);
			runOnlyForDeploymentPostprocessing = 0;
		};
/* End PBXFrameworksBuildPhase section */

/* Begin PBXGroup section */
		3FDDE6BAB6B3426387C80E98 /* Pods */ = {
			isa = PBXGroup;
			children = (
				BCE57F5EC696E1F3F8045BDA /* Pods-easyMeasure.debug.xcconfig */,
				2D866535AB31CBFA0D0FA59F /* Pods-easyMeasure.release.xcconfig */,
			);
			name = Pods;
			sourceTree = "<group>";
		};
		C11CB7641ECE877E006E67D5 = {
			isa = PBXGroup;
			children = (
				C11CB76F1ECE877E006E67D5 /* easyMeasure */,
				C11CB76E1ECE877E006E67D5 /* Products */,
				3FDDE6BAB6B3426387C80E98 /* Pods */,
				F34091B5A2D5F0D90BB60391 /* Frameworks */,
			);
			sourceTree = "<group>";
		};
		C11CB76E1ECE877E006E67D5 /* Products */ = {
			isa = PBXGroup;
			children = (
				C11CB76D1ECE877E006E67D5 /* easyMeasure.app */,
			);
			name = Products;
			sourceTree = "<group>";
		};
		C11CB76F1ECE877E006E67D5 /* easyMeasure */ = {
			isa = PBXGroup;
			children = (
				CC708F961EEC131B0087AD74 /* Sections */,
				C173BFCA1ED5507600BCD66F /* CustomFramework */,
				C173BFC01ED5503400BCD66F /* CommonManager */,
				CC0F0F971EEACEC6002FD6DF /* Resource */,
				C11CB7701ECE877E006E67D5 /* Supporting Files */,
			);
			path = easyMeasure;
			sourceTree = "<group>";
		};
		C11CB7701ECE877E006E67D5 /* Supporting Files */ = {
			isa = PBXGroup;
			children = (
				C173BE1F1ED3D84B00BCD66F /* Localization.strings */,
				C11CB77C1ECE877E006E67D5 /* Assets.xcassets */,
				C11CB7811ECE877E006E67D5 /* Info.plist */,
				C1CB46741ED7F9390091732C /* DeviceScreenSize.plist */,
				CC708FC41EEC1FCC0087AD74 /* EMDegree.plist */,
				C185A1DA1ECECFB500877798 /* PrefixHeader.pch */,
				C173BE221ED3D90300BCD66F /* initServer.h */,
				C173BE231ED3D90300BCD66F /* initServer.m */,
				C11CB7731ECE877E006E67D5 /* AppDelegate.h */,
				C11CB7741ECE877E006E67D5 /* AppDelegate.m */,
				C11CB7711ECE877E006E67D5 /* main.m */,
			);
			name = "Supporting Files";
			sourceTree = "<group>";
		};
		C173BFC01ED5503400BCD66F /* CommonManager */ = {
			isa = PBXGroup;
			children = (
				C173BFC11ED5503400BCD66F /* EMDatabaseTableManager.h */,
				C173BFC21ED5503400BCD66F /* EMDatabaseTableManager.m */,
				C1CB46761ED803B20091732C /* EMScreenSizeManager.h */,
				C1CB46771ED803B20091732C /* EMScreenSizeManager.m */,
			);
			path = CommonManager;
			sourceTree = "<group>";
		};
		C173BFCA1ED5507600BCD66F /* CustomFramework */ = {
			isa = PBXGroup;
			children = (
				C173C0391ED5647300BCD66F /* CustomFramework.h */,
				C173BFCB1ED5507600BCD66F /* Category */,
				C173BFEA1ED5507600BCD66F /* Constant */,
				C173BFF41ED5507600BCD66F /* Controller */,
				C173BFFA1ED5507600BCD66F /* Model */,
				C173BFFD1ED5507600BCD66F /* Utils */,
				C173C0081ED5507600BCD66F /* View */,
			);
			path = CustomFramework;
			sourceTree = "<group>";
		};
		C173BFCB1ED5507600BCD66F /* Category */ = {
			isa = PBXGroup;
			children = (
				C173C03C1ED568C900BCD66F /* XJFCategory.h */,
				CC4C3EFB1F144E2C00DD5957 /* NSFileManager */,
				C173BFCD1ED5507600BCD66F /* NSArray */,
				C173BFD01ED5507600BCD66F /* NSDate */,
				C173BFD31ED5507600BCD66F /* NSDictionary */,
				C173BFD81ED5507600BCD66F /* NSString */,
				C173BFDB1ED5507600BCD66F /* UIButton */,
				C173BFDE1ED5507600BCD66F /* UIColor */,
				C173BFE11ED5507600BCD66F /* UIImage */,
				C173BFE41ED5507600BCD66F /* UIImageView */,
				C173BFE71ED5507600BCD66F /* UITableViewCell */,
			);
			path = Category;
			sourceTree = "<group>";
		};
		C173BFCD1ED5507600BCD66F /* NSArray */ = {
			isa = PBXGroup;
			children = (
				C173BFCE1ED5507600BCD66F /* NSArray+Extension.h */,
				C173BFCF1ED5507600BCD66F /* NSArray+Extension.m */,
			);
			path = NSArray;
			sourceTree = "<group>";
		};
		C173BFD01ED5507600BCD66F /* NSDate */ = {
			isa = PBXGroup;
			children = (
				C173BFD11ED5507600BCD66F /* NSDate+ext.h */,
				C173BFD21ED5507600BCD66F /* NSDate+ext.m */,
				CC708F901EEC13060087AD74 /* NSDate+Extension.h */,
				CC708F911EEC13060087AD74 /* NSDate+Extension.m */,
			);
			path = NSDate;
			sourceTree = "<group>";
		};
		C173BFD31ED5507600BCD66F /* NSDictionary */ = {
			isa = PBXGroup;
			children = (
				C173BFD41ED5507600BCD66F /* NSDictionary+Extension.h */,
				C173BFD51ED5507600BCD66F /* NSDictionary+Extension.m */,
				C173BFD61ED5507600BCD66F /* NSMutableDictionary+Extension.h */,
				C173BFD71ED5507600BCD66F /* NSMutableDictionary+Extension.m */,
			);
			path = NSDictionary;
			sourceTree = "<group>";
		};
		C173BFD81ED5507600BCD66F /* NSString */ = {
			isa = PBXGroup;
			children = (
				C173BFD91ED5507600BCD66F /* NSString+Extension.h */,
				C173BFDA1ED5507600BCD66F /* NSString+Extension.m */,
			);
			path = NSString;
			sourceTree = "<group>";
		};
		C173BFDB1ED5507600BCD66F /* UIButton */ = {
			isa = PBXGroup;
			children = (
				C173BFDC1ED5507600BCD66F /* UIButton+SD.h */,
				C173BFDD1ED5507600BCD66F /* UIButton+SD.m */,
			);
			path = UIButton;
			sourceTree = "<group>";
		};
		C173BFDE1ED5507600BCD66F /* UIColor */ = {
			isa = PBXGroup;
			children = (
				C173BFDF1ED5507600BCD66F /* UIColor+Hex.h */,
				C173BFE01ED5507600BCD66F /* UIColor+Hex.m */,
			);
			path = UIColor;
			sourceTree = "<group>";
		};
		C173BFE11ED5507600BCD66F /* UIImage */ = {
			isa = PBXGroup;
			children = (
				CC708F931EEC130F0087AD74 /* UIImage+Extension.h */,
				CC708F941EEC130F0087AD74 /* UIImage+Extension.m */,
				C173BFE21ED5507600BCD66F /* UIImage+animatedGIF.h */,
				C173BFE31ED5507600BCD66F /* UIImage+animatedGIF.m */,
			);
			path = UIImage;
			sourceTree = "<group>";
		};
		C173BFE41ED5507600BCD66F /* UIImageView */ = {
			isa = PBXGroup;
			children = (
				C173BFE51ED5507600BCD66F /* UIImageView+SD.h */,
				C173BFE61ED5507600BCD66F /* UIImageView+SD.m */,
			);
			path = UIImageView;
			sourceTree = "<group>";
		};
		C173BFE71ED5507600BCD66F /* UITableViewCell */ = {
			isa = PBXGroup;
			children = (
				C173BFE81ED5507600BCD66F /* UITableViewCell+roundCorner.h */,
				C173BFE91ED5507600BCD66F /* UITableViewCell+roundCorner.m */,
			);
			path = UITableViewCell;
			sourceTree = "<group>";
		};
		C173BFEA1ED5507600BCD66F /* Constant */ = {
			isa = PBXGroup;
			children = (
				C173C03B1ED567FB00BCD66F /* XJFConstant.h */,
				C173C0301ED5643600BCD66F /* CommonConst.h */,
				C173C0311ED5643600BCD66F /* NetWorkAPI.h */,
				C173C0321ED5643600BCD66F /* NotificationConst.h */,
				C173C0331ED5643600BCD66F /* NotificationConst.m */,
				C173C0341ED5643600BCD66F /* ThemeConst.h */,
				C173C0351ED5643600BCD66F /* TheThirdPartConst.h */,
				C173C0361ED5643600BCD66F /* UserDefaultConst.h */,
				C173C0371ED5643600BCD66F /* UtilsMacro.h */,
				CC0F0FE31EEAE78D002FD6DF /* UtilsEnum.h */,
			);
			path = Constant;
			sourceTree = "<group>";
		};
		C173BFF41ED5507600BCD66F /* Controller */ = {
			isa = PBXGroup;
			children = (
				C173C02B1ED552E000BCD66F /* XJFContoller.h */,
				C173BFF51ED5507600BCD66F /* XJFBaseNavigationController.h */,
				C173BFF61ED5507600BCD66F /* XJFBaseNavigationController.m */,
				C173BFF71ED5507600BCD66F /* XJFBaseViewController.h */,
				C173BFF81ED5507600BCD66F /* XJFBaseViewController.m */,
			);
			path = Controller;
			sourceTree = "<group>";
		};
		C173BFFA1ED5507600BCD66F /* Model */ = {
			isa = PBXGroup;
			children = (
				C173BFFB1ED5507600BCD66F /* XJFBaseModel.h */,
				C173BFFC1ED5507600BCD66F /* XJFBaseModel.m */,
			);
			path = Model;
			sourceTree = "<group>";
		};
		C173BFFD1ED5507600BCD66F /* Utils */ = {
			isa = PBXGroup;
			children = (
				C173C02C1ED5618600BCD66F /* XJFUtils.h */,
				C173BFFE1ED5507600BCD66F /* XJFDBManager.h */,
				C173BFFF1ED5507600BCD66F /* XJFDBManager.m */,
				C173C0001ED5507600BCD66F /* XJFDBOperator.h */,
				C173C0011ED5507600BCD66F /* XJFDBOperator.m */,
				C173C0021ED5507600BCD66F /* XJFHUDManager.h */,
				C173C0031ED5507600BCD66F /* XJFHUDManager.m */,
				C173C0041ED5507600BCD66F /* XJFNetworkManager.h */,
				C173C0051ED5507600BCD66F /* XJFNetworkManager.m */,
				C173C0061ED5507600BCD66F /* XJFServerManager.h */,
				C173C0071ED5507600BCD66F /* XJFServerManager.m */,
			);
			path = Utils;
			sourceTree = "<group>";
		};
		C173C0081ED5507600BCD66F /* View */ = {
			isa = PBXGroup;
			children = (
				C173C02E1ED562E300BCD66F /* XJFView.h */,
				C173C00B1ED5507600BCD66F /* XJFBackgroundView.h */,
				C173C00C1ED5507600BCD66F /* XJFBackgroundView.m */,
				C173C00E1ED5507600BCD66F /* XJFSeperatorLineView.h */,
				C173C00F1ED5507600BCD66F /* XJFSeperatorLineView.m */,
				C173C0121ED5507600BCD66F /* XJFUILabel.h */,
				C173C0131ED5507600BCD66F /* XJFUILabel.m */,
				C173C03D1ED56F2E00BCD66F /* XJFUIButton.h */,
				C173C03E1ED56F2E00BCD66F /* XJFUIButton.m */,
				C173C03F1ED56F2E00BCD66F /* XJFUIImageView.h */,
				C173C0401ED56F2E00BCD66F /* XJFUIImageView.m */,
				C173C0431ED56F2E00BCD66F /* XJFUITextField.h */,
				C173C0441ED56F2E00BCD66F /* XJFUITextField.m */,
				C173C0451ED56F2E00BCD66F /* XJFUITextView.h */,
				C173C0461ED56F2E00BCD66F /* XJFUITextView.m */,
				C173C04C1ED5702400BCD66F /* XJFUIView.h */,
				C173C04D1ED5702400BCD66F /* XJFUIView.m */,
			);
			path = View;
			sourceTree = "<group>";
		};
		CC0F0F971EEACEC6002FD6DF /* Resource */ = {
			isa = PBXGroup;
			children = (
				CC0F0F981EEACEC6002FD6DF /* image */,
			);
			path = Resource;
			sourceTree = "<group>";
		};
		CC0F0F981EEACEC6002FD6DF /* image */ = {
			isa = PBXGroup;
			children = (
				CCC292CF1F1241FC00308973 /* 1_02@2x.png */,
				CCC292D01F1241FC00308973 /* 1_03@2x.png */,
				CCC292D11F1241FC00308973 /* 1_04@2x.png */,
				CCC292D21F1241FC00308973 /* 1_05@2x.png */,
				CCC292D31F1241FC00308973 /* 1_06@2x.png */,
				CCC292D41F1241FC00308973 /* 2_02@2x.png */,
				CCC292D51F1241FC00308973 /* 2_03@2x.png */,
				CCC292D61F1241FC00308973 /* 2_04@2x.png */,
				CCC292D71F1241FC00308973 /* 2_05@2x.png */,
				CCC292D81F1241FC00308973 /* 2_06@2x.png */,
				CCC292BF1F123F6A00308973 /* loading_1_640x960@2x.png */,
				CCC292C01F123F6A00308973 /* loading_1_640x1136@2x.png */,
				CCC292C11F123F6A00308973 /* loading_1_750x1334@2x.png */,
				CCC292C21F123F6A00308973 /* loading_1_1242x2208@2x.png */,
				CCC292C31F123F6A00308973 /* loading_2_640x960@2x.png */,
				CCC292C41F123F6A00308973 /* loading_2_640x1136@2x.png */,
				CCC292C51F123F6A00308973 /* loading_2_750x1334@2x.png */,
				CCC292C61F123F6A00308973 /* loading_2_1242x2208@2x.png */,
				CC0F0F991EEACEC6002FD6DF /* 2x */,
				CC0F0F9A1EEACEC6002FD6DF /* 3x */,
			);
			path = image;
			sourceTree = "<group>";
		};
		CC0F0F991EEACEC6002FD6DF /* 2x */ = {
			isa = PBXGroup;
			children = (
				CCC292AB1F123F3D00308973 /* shouzhi@2x.png */,
				CCC292AC1F123F3D00308973 /* text1@2x.png */,
				CCC292AD1F123F3D00308973 /* text2@2x.png */,
				CCC292AE1F123F3D00308973 /* text3@2x.png */,
				CCC292AF1F123F3D00308973 /* text4@2x.png */,
				CC2F5CFC1EF54E0F0006A68D /* yindaoye@2x.png */,
				CC0F0F9B1EEACEF9002FD6DF /* banner@2x.png */,
				CC0F0F9C1EEACEF9002FD6DF /* button_jia_highlight@2x.png */,
				CC0F0F9D1EEACEF9002FD6DF /* button_jia@2x.png */,
				CC0F0F9E1EEACEF9002FD6DF /* button_jian_highlight@2x.png */,
				CC0F0F9F1EEACEF9002FD6DF /* button_jian@2x.png */,
				CC0F0FA01EEACEF9002FD6DF /* button_wancheng_highlight@2x.png */,
				CC0F0FA11EEACEF9002FD6DF /* button_wancheng@2x.png */,
				CC0F0FA21EEACEF9002FD6DF /* image_muzhi@2x.png */,
				CC0F0FA31EEACEF9002FD6DF /* image_qitashouzhi@2x.png */,
				CC1EF5A41EF2DB9C004B3B12 /* muzhi_1@2x.png */,
				CC0F0FA41EEACEF9002FD6DF /* image@2x.png */,
				CC0F0FA51EEACEF9002FD6DF /* shou_1@2x.png */,
				CC2F5CEE1EF4FBC50006A68D /* shou_2@2x.png */,
				CC2F5CF21EF4FBE60006A68D /* muzhi_2@2x.png */,
				CC0F0FA61EEACEF9002FD6DF /* titel_button_fanhui_highlight@2x.png */,
				CC0F0FA71EEACEF9002FD6DF /* titel_button_fanhui@2x.png */,
				CC0F0FA81EEACEF9002FD6DF /* titel_button_jilu_highlight@2x.png */,
				CC0F0FA91EEACEF9002FD6DF /* titel_button_jilu@2x.png */,
				CC6FAAF01EF80B310069D8B5 /* button_highlight@2x.png */,
				CC6FAAF11EF80B310069D8B5 /* button@2x.png */,
				CC6FAAF21EF80B310069D8B5 /* jiantou@2x.png */,
				CC6FAAF31EF80B310069D8B5 /* text@2x.png */,
				CC708FDA1EEED7920087AD74 /* titel_text@2x.png */,
			);
			path = 2x;
			sourceTree = "<group>";
		};
		CC0F0F9A1EEACEC6002FD6DF /* 3x */ = {
			isa = PBXGroup;
			children = (
				CC0F0FB91EEACF0A002FD6DF /* button_jia_highlight@3x.png */,
				CC0F0FBA1EEACF0A002FD6DF /* button_jia@3x.png */,
				CC0F0FBB1EEACF0A002FD6DF /* button_jian_highlight@3x.png */,
				CC0F0FBC1EEACF0A002FD6DF /* button_jian@3x.png */,
				CC0F0FBD1EEACF0A002FD6DF /* button_wancheng_highlight@3x.png */,
				CC0F0FBE1EEACF0B002FD6DF /* button_wancheng@3x.png */,
				CC0F0FBF1EEACF0B002FD6DF /* image@3x.png */,
				CCC292B51F123F4900308973 /* shouzhi@3x.png */,
				CCC292B61F123F4900308973 /* text1@3x.png */,
				CCC292B71F123F4900308973 /* text2@3x.png */,
				CCC292B81F123F4900308973 /* text3@3x.png */,
				CCC292B91F123F4900308973 /* text4@3x.png */,
				CC0F0FC01EEACF0B002FD6DF /* shou_1@3x.png */,
				CC2F5CF41EF4FBEA0006A68D /* muzhi_2@3x.png */,
				CC1EF5A81EF2DBB5004B3B12 /* muzhi_1@3x.png */,
				CC2F5CF01EF4FBD30006A68D /* shou_2@3x.png */,
				CC0F0FC11EEACF0B002FD6DF /* titel_button_fanhui_highlight@3x.png */,
				CC0F0FC21EEACF0B002FD6DF /* titel_button_fanhui@3x.png */,
				CC0F0FC31EEACF0B002FD6DF /* titel_button_jilu_highlight@3x.png */,
				CC0F0FC41EEACF0B002FD6DF /* titel_button_jilu@3x.png */,
				CC708FDC1EEED7990087AD74 /* titel_text@3x.png */,
				CC2F5CFE1EF54E1A0006A68D /* yindaoye@3x.png */,
				CC6FAAF81EF80B3D0069D8B5 /* button_highlight@3x.png */,
				CC6FAAF91EF80B3D0069D8B5 /* button@3x.png */,
				CC6FAAFA1EF80B3D0069D8B5 /* jiantou@3x.png */,
				CC6FAAFB1EF80B3D0069D8B5 /* text@3x.png */,
			);
			path = 3x;
			sourceTree = "<group>";
		};
		CC4C3EFB1F144E2C00DD5957 /* NSFileManager */ = {
			isa = PBXGroup;
			children = (
				CC4C3EFC1F144E5C00DD5957 /* NSFileManager+Extensions.h */,
				CC4C3EFD1F144E5C00DD5957 /* NSFileManager+Extensions.m */,
			);
			name = NSFileManager;
			sourceTree = "<group>";
		};
		CC708F961EEC131B0087AD74 /* Sections */ = {
			isa = PBXGroup;
			children = (
				CC708F971EEC131B0087AD74 /* Controllers */,
				CC708FA61EEC131B0087AD74 /* Models */,
				CC708FA91EEC131B0087AD74 /* Views */,
			);
			path = Sections;
			sourceTree = "<group>";
		};
		CC708F971EEC131B0087AD74 /* Controllers */ = {
			isa = PBXGroup;
			children = (
				CC708FA21EEC131B0087AD74 /* EMNavigationController.h */,
				CC708FA31EEC131B0087AD74 /* EMNavigationController.m */,
				CC89558F1EFF9EB30083E710 /* EMGuideViewController.h */,
				CC8955901EFF9EB30083E710 /* EMGuideViewController.m */,
				CC708F9A1EEC131B0087AD74 /* EMMainViewController.h */,
				CC708F9B1EEC131B0087AD74 /* EMMainViewController.m */,
				CC708F981EEC131B0087AD74 /* EMFingerChooseViewController.h */,
				CC708F991EEC131B0087AD74 /* EMFingerChooseViewController.m */,
				CC708F9C1EEC131B0087AD74 /* EMMeasurementViewController.h */,
				CC708F9D1EEC131B0087AD74 /* EMMeasurementViewController.m */,
				CC1EF5AC1EF2DD13004B3B12 /* EMMeasureResultViewController.h */,
				CC1EF5AD1EF2DD13004B3B12 /* EMMeasureResultViewController.m */,
				CC708FA01EEC131B0087AD74 /* EMMeasureViewController.h */,
				CC708FA11EEC131B0087AD74 /* EMMeasureViewController.m */,
				CC708FA41EEC131B0087AD74 /* EMResultsListViewController.h */,
				CC708FA51EEC131B0087AD74 /* EMResultsListViewController.m */,
				CC2A14211F12EDA1008CC95B /* EMFingerTypeViewController.h */,
				CC2A14221F12EDA1008CC95B /* EMFingerTypeViewController.m */,
			);
			path = Controllers;
			sourceTree = "<group>";
		};
		CC708FA61EEC131B0087AD74 /* Models */ = {
			isa = PBXGroup;
			children = (
				CC708FA71EEC131B0087AD74 /* EMMeasureModel.h */,
				CC708FA81EEC131B0087AD74 /* EMMeasureModel.m */,
				CC4C3EF81F144D7E00DD5957 /* VersionModel.h */,
				CC4C3EF91F144D7E00DD5957 /* VersionModel.m */,
			);
			path = Models;
			sourceTree = "<group>";
		};
		CC708FA91EEC131B0087AD74 /* Views */ = {
			isa = PBXGroup;
			children = (
				CC708FAA1EEC131B0087AD74 /* EMDegreeView.h */,
				CC708FAB1EEC131B0087AD74 /* EMDegreeView.m */,
				CC2A14241F12EDB6008CC95B /* EMFingerTypeView.h */,
				CC2A14251F12EDB7008CC95B /* EMFingerTypeView.m */,
				CC1EF5AF1EF2DD45004B3B12 /* EMFingerView.h */,
				CC1EF5B01EF2DD45004B3B12 /* EMFingerView.m */,
				CC1EF5A11EF2DB19004B3B12 /* EMMeasureButton.h */,
				CC1EF5A21EF2DB19004B3B12 /* EMMeasureButton.m */,
				CC1EF5B81EF2DDC5004B3B12 /* EMMeasureView.h */,
				CC1EF5B91EF2DDC5004B3B12 /* EMMeasureView.m */,
				CC1EF5B51EF2DD9B004B3B12 /* EMMeasureResultView.h */,
				CC1EF5B61EF2DD9B004B3B12 /* EMMeasureResultView.m */,
				CC708FB01EEC131B0087AD74 /* EMMeasureCell.h */,
				CC708FB11EEC131B0087AD74 /* EMMeasureCell.m */,
				CC1EF5B21EF2DD6C004B3B12 /* EMMainView.h */,
				CC1EF5B31EF2DD6C004B3B12 /* EMMainView.m */,
				CC708FE11EEEDAE20087AD74 /* EMFingerChooseView.h */,
				CC708FE21EEEDAE20087AD74 /* EMFingerChooseView.m */,
				CC708FE41EEEDC030087AD74 /* EMMeasurementView.h */,
				CC708FE51EEEDC030087AD74 /* EMMeasurementView.m */,
				CC708FED1EEEE4950087AD74 /* EMResultsListView.h */,
				CC708FEE1EEEE4950087AD74 /* EMResultsListView.m */,
				CC2A14271F12F449008CC95B /* EMFingerTypePopView.h */,
				CC2A14281F12F449008CC95B /* EMFingerTypePopView.m */,
				CC2A142A1F12F486008CC95B /* EMMeasurePopView.h */,
				CC2A142B1F12F486008CC95B /* EMMeasurePopView.m */,
				CC8955951EFFA45C0083E710 /* EMGuideView.h */,
				CC8955961EFFA45C0083E710 /* EMGuideView.m */,
				CC8955A01EFFA94F0083E710 /* EMGuideImageView.h */,
				CC8955A11EFFA94F0083E710 /* EMGuideImageView.m */,
			);
			path = Views;
			sourceTree = "<group>";
		};
		F34091B5A2D5F0D90BB60391 /* Frameworks */ = {
			isa = PBXGroup;
			children = (
				AD6BA325C0583237E56DE6B7 /* libPods-easyMeasure.a */,
			);
			name = Frameworks;
			sourceTree = "<group>";
		};
/* End PBXGroup section */

/* Begin PBXNativeTarget section */
		C11CB76C1ECE877E006E67D5 /* easyMeasure */ = {
			isa = PBXNativeTarget;
			buildConfigurationList = C11CB7841ECE877E006E67D5 /* Build configuration list for PBXNativeTarget "easyMeasure" */;
			buildPhases = (
				2FB593EBEE60198EF88282F0 /* 📦 Check Pods Manifest.lock */,
				C11CB7691ECE877E006E67D5 /* Sources */,
				C11CB76A1ECE877E006E67D5 /* Frameworks */,
				C11CB76B1ECE877E006E67D5 /* Resources */,
				1371996AD90BCA611AFAE82E /* 📦 Embed Pods Frameworks */,
				6E56F356AACE55F9D32F1C6F /* 📦 Copy Pods Resources */,
			);
			buildRules = (
			);
			dependencies = (
			);
			name = easyMeasure;
			productName = easyMeasure;
			productReference = C11CB76D1ECE877E006E67D5 /* easyMeasure.app */;
			productType = "com.apple.product-type.application";
		};
/* End PBXNativeTarget section */

/* Begin PBXProject section */
		C11CB7651ECE877E006E67D5 /* Project object */ = {
			isa = PBXProject;
			attributes = {
				LastUpgradeCheck = 0720;
				ORGANIZATIONNAME = goldsmith;
				TargetAttributes = {
					C11CB76C1ECE877E006E67D5 = {
						CreatedOnToolsVersion = 7.2;
					};
				};
			};
			buildConfigurationList = C11CB7681ECE877E006E67D5 /* Build configuration list for PBXProject "easyMeasure" */;
			compatibilityVersion = "Xcode 3.2";
			developmentRegion = English;
			hasScannedForEncodings = 0;
			knownRegions = (
				Base,
				"zh-Hans",
			);
			mainGroup = C11CB7641ECE877E006E67D5;
			productRefGroup = C11CB76E1ECE877E006E67D5 /* Products */;
			projectDirPath = "";
			projectRoot = "";
			targets = (
				C11CB76C1ECE877E006E67D5 /* easyMeasure */,
			);
		};
/* End PBXProject section */

/* Begin PBXResourcesBuildPhase section */
		C11CB76B1ECE877E006E67D5 /* Resources */ = {
			isa = PBXResourcesBuildPhase;
			buildActionMask = 2147483647;
			files = (
				CC6FAAFC1EF80B3D0069D8B5 /* button_highlight@3x.png in Resources */,
				CC0F0FC71EEACF0B002FD6DF /* button_jian_highlight@3x.png in Resources */,
				CC2F5CEF1EF4FBC50006A68D /* shou_2@2x.png in Resources */,
				CC708FDB1EEED7920087AD74 /* titel_text@2x.png in Resources */,
				CCC292DA1F1241FC00308973 /* 1_03@2x.png in Resources */,
				CC0F0FB11EEACEF9002FD6DF /* image_muzhi@2x.png in Resources */,
				CCC292DF1F1241FC00308973 /* 2_03@2x.png in Resources */,
				CC0F0FB41EEACEF9002FD6DF /* shou_1@2x.png in Resources */,
				CC0F0FC81EEACF0B002FD6DF /* button_jian@3x.png in Resources */,
				CC2F5CF31EF4FBE60006A68D /* muzhi_2@2x.png in Resources */,
				CC0F0FC91EEACF0B002FD6DF /* button_wancheng_highlight@3x.png in Resources */,
				CCC292E01F1241FC00308973 /* 2_04@2x.png in Resources */,
				CCC292CA1F123F6A00308973 /* loading_1_1242x2208@2x.png in Resources */,
				CC1EF5AA1EF2DBB5004B3B12 /* muzhi_1@3x.png in Resources */,
				CCC292E21F1241FC00308973 /* 2_06@2x.png in Resources */,
				CC1EF5A61EF2DB9C004B3B12 /* muzhi_1@2x.png in Resources */,
				CC6FAAF61EF80B310069D8B5 /* jiantou@2x.png in Resources */,
				CCC292CB1F123F6A00308973 /* loading_2_640x960@2x.png in Resources */,
				CC0F0FB51EEACEF9002FD6DF /* titel_button_fanhui_highlight@2x.png in Resources */,
				CCC292B11F123F3D00308973 /* text1@2x.png in Resources */,
				CC6FAAF71EF80B310069D8B5 /* text@2x.png in Resources */,
				CCC292DB1F1241FC00308973 /* 1_04@2x.png in Resources */,
				CC0F0FAA1EEACEF9002FD6DF /* banner@2x.png in Resources */,
				CC6FAAFD1EF80B3D0069D8B5 /* button@3x.png in Resources */,
				CC0F0FCE1EEACF0B002FD6DF /* titel_button_fanhui@3x.png in Resources */,
				CC0F0FB01EEACEF9002FD6DF /* button_wancheng@2x.png in Resources */,
				CCC292B21F123F3D00308973 /* text2@2x.png in Resources */,
				CC0F0FCD1EEACF0B002FD6DF /* titel_button_fanhui_highlight@3x.png in Resources */,
				CC2F5CF11EF4FBD30006A68D /* shou_2@3x.png in Resources */,
				CC0F0FAF1EEACEF9002FD6DF /* button_wancheng_highlight@2x.png in Resources */,
				CCC292CC1F123F6A00308973 /* loading_2_640x1136@2x.png in Resources */,
				CC0F0FC61EEACF0B002FD6DF /* button_jia@3x.png in Resources */,
				C11CB77D1ECE877E006E67D5 /* Assets.xcassets in Resources */,
				CC2F5CFD1EF54E0F0006A68D /* yindaoye@2x.png in Resources */,
				CC0F0FAD1EEACEF9002FD6DF /* button_jian_highlight@2x.png in Resources */,
				CCC292C91F123F6A00308973 /* loading_1_750x1334@2x.png in Resources */,
				CCC292DC1F1241FC00308973 /* 1_05@2x.png in Resources */,
				CCC292BB1F123F4900308973 /* text1@3x.png in Resources */,
				CC0F0FD01EEACF0B002FD6DF /* titel_button_jilu@3x.png in Resources */,
				CC0F0FCC1EEACF0B002FD6DF /* shou_1@3x.png in Resources */,
				CC2F5CFF1EF54E1A0006A68D /* yindaoye@3x.png in Resources */,
				CC6FAAFF1EF80B3D0069D8B5 /* text@3x.png in Resources */,
				CCC292C71F123F6A00308973 /* loading_1_640x960@2x.png in Resources */,
				CC0F0FAB1EEACEF9002FD6DF /* button_jia_highlight@2x.png in Resources */,
				CCC292BE1F123F4900308973 /* text4@3x.png in Resources */,
				CC0F0FC51EEACF0B002FD6DF /* button_jia_highlight@3x.png in Resources */,
				CCC292BC1F123F4900308973 /* text2@3x.png in Resources */,
				CCC292B41F123F3D00308973 /* text4@2x.png in Resources */,
				CCC292D91F1241FC00308973 /* 1_02@2x.png in Resources */,
				CCC292CE1F123F6A00308973 /* loading_2_1242x2208@2x.png in Resources */,
				CCC292C81F123F6A00308973 /* loading_1_640x1136@2x.png in Resources */,
				CCC292DE1F1241FC00308973 /* 2_02@2x.png in Resources */,
				CCC292CD1F123F6A00308973 /* loading_2_750x1334@2x.png in Resources */,
				CC0F0FB21EEACEF9002FD6DF /* image_qitashouzhi@2x.png in Resources */,
				CCC292BA1F123F4900308973 /* shouzhi@3x.png in Resources */,
				CC6FAAF51EF80B310069D8B5 /* button@2x.png in Resources */,
				CCC292B31F123F3D00308973 /* text3@2x.png in Resources */,
				CC0F0FAE1EEACEF9002FD6DF /* button_jian@2x.png in Resources */,
				CC0F0FB81EEACEF9002FD6DF /* titel_button_jilu@2x.png in Resources */,
				CC0F0FCB1EEACF0B002FD6DF /* image@3x.png in Resources */,
				CC0F0FB31EEACEF9002FD6DF /* image@2x.png in Resources */,
				CC708FDD1EEED7990087AD74 /* titel_text@3x.png in Resources */,
				CCC292BD1F123F4900308973 /* text3@3x.png in Resources */,
				CCC292E11F1241FC00308973 /* 2_05@2x.png in Resources */,
				CC6FAAFE1EF80B3D0069D8B5 /* jiantou@3x.png in Resources */,
				CC2F5CF51EF4FBEA0006A68D /* muzhi_2@3x.png in Resources */,
				CCC292B01F123F3D00308973 /* shouzhi@2x.png in Resources */,
				CC0F0FCA1EEACF0B002FD6DF /* button_wancheng@3x.png in Resources */,
				CC6FAAF41EF80B310069D8B5 /* button_highlight@2x.png in Resources */,
				CC0F0FCF1EEACF0B002FD6DF /* titel_button_jilu_highlight@3x.png in Resources */,
				CC708FC51EEC1FCC0087AD74 /* EMDegree.plist in Resources */,
				CC0F0FAC1EEACEF9002FD6DF /* button_jia@2x.png in Resources */,
				C173BE1D1ED3D84B00BCD66F /* Localization.strings in Resources */,
				CC0F0FB71EEACEF9002FD6DF /* titel_button_jilu_highlight@2x.png in Resources */,
				CC0F0FB61EEACEF9002FD6DF /* titel_button_fanhui@2x.png in Resources */,
				CCC292DD1F1241FC00308973 /* 1_06@2x.png in Resources */,
				C1CB46751ED7F9390091732C /* DeviceScreenSize.plist in Resources */,
			);
			runOnlyForDeploymentPostprocessing = 0;
		};
/* End PBXResourcesBuildPhase section */

/* Begin PBXShellScriptBuildPhase section */
		1371996AD90BCA611AFAE82E /* 📦 Embed Pods Frameworks */ = {
			isa = PBXShellScriptBuildPhase;
			buildActionMask = 2147483647;
			files = (
			);
			inputPaths = (
			);
			name = "📦 Embed Pods Frameworks";
			outputPaths = (
			);
			runOnlyForDeploymentPostprocessing = 0;
			shellPath = /bin/sh;
			shellScript = "\"${SRCROOT}/Pods/Target Support Files/Pods-easyMeasure/Pods-easyMeasure-frameworks.sh\"\n";
			showEnvVarsInLog = 0;
		};
		2FB593EBEE60198EF88282F0 /* 📦 Check Pods Manifest.lock */ = {
			isa = PBXShellScriptBuildPhase;
			buildActionMask = 2147483647;
			files = (
			);
			inputPaths = (
			);
			name = "📦 Check Pods Manifest.lock";
			outputPaths = (
			);
			runOnlyForDeploymentPostprocessing = 0;
			shellPath = /bin/sh;
			shellScript = "diff \"${PODS_ROOT}/../Podfile.lock\" \"${PODS_ROOT}/Manifest.lock\" > /dev/null\nif [[ $? != 0 ]] ; then\n    cat << EOM\nerror: The sandbox is not in sync with the Podfile.lock. Run 'pod install' or update your CocoaPods installation.\nEOM\n    exit 1\nfi\n";
			showEnvVarsInLog = 0;
		};
		6E56F356AACE55F9D32F1C6F /* 📦 Copy Pods Resources */ = {
			isa = PBXShellScriptBuildPhase;
			buildActionMask = 2147483647;
			files = (
			);
			inputPaths = (
			);
			name = "📦 Copy Pods Resources";
			outputPaths = (
			);
			runOnlyForDeploymentPostprocessing = 0;
			shellPath = /bin/sh;
			shellScript = "\"${SRCROOT}/Pods/Target Support Files/Pods-easyMeasure/Pods-easyMeasure-resources.sh\"\n";
			showEnvVarsInLog = 0;
		};
/* End PBXShellScriptBuildPhase section */

/* Begin PBXSourcesBuildPhase section */
		C11CB7691ECE877E006E67D5 /* Sources */ = {
			isa = PBXSourcesBuildPhase;
			buildActionMask = 2147483647;
			files = (
				CC708FB61EEC131B0087AD74 /* EMMeasureViewController.m in Sources */,
				C173C01B1ED5507600BCD66F /* UIImage+animatedGIF.m in Sources */,
				C173C04E1ED5702400BCD66F /* XJFUIView.m in Sources */,
				CC708F921EEC13060087AD74 /* NSDate+Extension.m in Sources */,
				C173C0201ED5507600BCD66F /* XJFBaseViewController.m in Sources */,
				CC8955971EFFA45C0083E710 /* EMGuideView.m in Sources */,
				C173C0271ED5507600BCD66F /* XJFBackgroundView.m in Sources */,
				C173C0171ED5507600BCD66F /* NSMutableDictionary+Extension.m in Sources */,
				CC4C3EFA1F144D7E00DD5957 /* VersionModel.m in Sources */,
				CC708FE31EEEDAE20087AD74 /* EMFingerChooseView.m in Sources */,
				C173C02A1ED5507600BCD66F /* XJFUILabel.m in Sources */,
				CC708FB21EEC131B0087AD74 /* EMFingerChooseViewController.m in Sources */,
				C173C01A1ED5507600BCD66F /* UIColor+Hex.m in Sources */,
				CC708FB41EEC131B0087AD74 /* EMMeasurementViewController.m in Sources */,
				CC2A14261F12EDB7008CC95B /* EMFingerTypeView.m in Sources */,
				C173C0471ED56F2E00BCD66F /* XJFUIButton.m in Sources */,
				C173C0141ED5507600BCD66F /* NSArray+Extension.m in Sources */,
				CC708FB31EEC131B0087AD74 /* EMMainViewController.m in Sources */,
				CC708FEF1EEEE4950087AD74 /* EMResultsListView.m in Sources */,
				C173C04B1ED56F2E00BCD66F /* XJFUITextView.m in Sources */,
				CC708FBD1EEC131B0087AD74 /* EMMeasureCell.m in Sources */,
				C173C0381ED5643600BCD66F /* NotificationConst.m in Sources */,
				C173C0251ED5507600BCD66F /* XJFNetworkManager.m in Sources */,
				CC1EF5B11EF2DD45004B3B12 /* EMFingerView.m in Sources */,
				CC708FB81EEC131B0087AD74 /* EMResultsListViewController.m in Sources */,
				CC708FB71EEC131B0087AD74 /* EMNavigationController.m in Sources */,
				C1CB46781ED803B20091732C /* EMScreenSizeManager.m in Sources */,
				CC4C3EFE1F144E5C00DD5957 /* NSFileManager+Extensions.m in Sources */,
				CC1EF5B41EF2DD6C004B3B12 /* EMMainView.m in Sources */,
				CC1EF5AE1EF2DD13004B3B12 /* EMMeasureResultViewController.m in Sources */,
				C173C0221ED5507600BCD66F /* XJFDBManager.m in Sources */,
				CC8955A21EFFA94F0083E710 /* EMGuideImageView.m in Sources */,
				CC708FBA1EEC131B0087AD74 /* EMDegreeView.m in Sources */,
				C173C0231ED5507600BCD66F /* XJFDBOperator.m in Sources */,
				CC1EF5BA1EF2DDC5004B3B12 /* EMMeasureView.m in Sources */,
				CC708FB91EEC131B0087AD74 /* EMMeasureModel.m in Sources */,
				C173C01C1ED5507600BCD66F /* UIImageView+SD.m in Sources */,
				C173C0161ED5507600BCD66F /* NSDictionary+Extension.m in Sources */,
				C173C01D1ED5507600BCD66F /* UITableViewCell+roundCorner.m in Sources */,
				CC708F951EEC130F0087AD74 /* UIImage+Extension.m in Sources */,
				CC2A14231F12EDA1008CC95B /* EMFingerTypeViewController.m in Sources */,
				CC2A14291F12F449008CC95B /* EMFingerTypePopView.m in Sources */,
				CC1EF5B71EF2DD9B004B3B12 /* EMMeasureResultView.m in Sources */,
				C173C0481ED56F2E00BCD66F /* XJFUIImageView.m in Sources */,
				C11CB7751ECE877E006E67D5 /* AppDelegate.m in Sources */,
				C173C0191ED5507600BCD66F /* UIButton+SD.m in Sources */,
				C173C0281ED5507600BCD66F /* XJFSeperatorLineView.m in Sources */,
				CC8955911EFF9EB30083E710 /* EMGuideViewController.m in Sources */,
				C173C0181ED5507600BCD66F /* NSString+Extension.m in Sources */,
				C173C01F1ED5507600BCD66F /* XJFBaseNavigationController.m in Sources */,
				C173C0151ED5507600BCD66F /* NSDate+ext.m in Sources */,
				C173BE241ED3D90300BCD66F /* initServer.m in Sources */,
				C173C04A1ED56F2E00BCD66F /* XJFUITextField.m in Sources */,
				CC1EF5A31EF2DB19004B3B12 /* EMMeasureButton.m in Sources */,
				CC708FE61EEEDC030087AD74 /* EMMeasurementView.m in Sources */,
				C173BFC31ED5503400BCD66F /* EMDatabaseTableManager.m in Sources */,
				CC2A142C1F12F486008CC95B /* EMMeasurePopView.m in Sources */,
				C173C0211ED5507600BCD66F /* XJFBaseModel.m in Sources */,
				C173C0241ED5507600BCD66F /* XJFHUDManager.m in Sources */,
				C11CB7721ECE877E006E67D5 /* main.m in Sources */,
				C173C0261ED5507600BCD66F /* XJFServerManager.m in Sources */,
			);
			runOnlyForDeploymentPostprocessing = 0;
		};
/* End PBXSourcesBuildPhase section */

/* Begin PBXVariantGroup section */
		C173BE1F1ED3D84B00BCD66F /* Localization.strings */ = {
			isa = PBXVariantGroup;
			children = (
				C173BE1E1ED3D84B00BCD66F /* Base */,
				C13EC4461EEE368000C94A1B /* zh-Hans */,
			);
			name = Localization.strings;
			sourceTree = "<group>";
		};
/* End PBXVariantGroup section */

/* Begin XCBuildConfiguration section */
		C11CB7821ECE877E006E67D5 /* Debug */ = {
			isa = XCBuildConfiguration;
			buildSettings = {
				ALWAYS_SEARCH_USER_PATHS = NO;
				CLANG_CXX_LANGUAGE_STANDARD = "gnu++0x";
				CLANG_CXX_LIBRARY = "libc++";
				CLANG_ENABLE_MODULES = YES;
				CLANG_ENABLE_OBJC_ARC = YES;
				CLANG_WARN_BOOL_CONVERSION = YES;
				CLANG_WARN_CONSTANT_CONVERSION = YES;
				CLANG_WARN_DIRECT_OBJC_ISA_USAGE = YES_ERROR;
				CLANG_WARN_EMPTY_BODY = YES;
				CLANG_WARN_ENUM_CONVERSION = YES;
				CLANG_WARN_INT_CONVERSION = YES;
				CLANG_WARN_OBJC_ROOT_CLASS = YES_ERROR;
				CLANG_WARN_UNREACHABLE_CODE = YES;
				CLANG_WARN__DUPLICATE_METHOD_MATCH = YES;
				CODE_SIGN_IDENTITY = "iPhone Developer: Chengyan Wang (R9TG24Z8TX)";
				"CODE_SIGN_IDENTITY[sdk=iphoneos*]" = "iPhone Developer: Chengyan Wang (R9TG24Z8TX)";
				COPY_PHASE_STRIP = NO;
				DEBUG_INFORMATION_FORMAT = dwarf;
				ENABLE_STRICT_OBJC_MSGSEND = YES;
				ENABLE_TESTABILITY = YES;
				GCC_C_LANGUAGE_STANDARD = gnu99;
				GCC_DYNAMIC_NO_PIC = NO;
				GCC_NO_COMMON_BLOCKS = YES;
				GCC_OPTIMIZATION_LEVEL = 0;
				GCC_PRECOMPILE_PREFIX_HEADER = YES;
				GCC_PREFIX_HEADER = easyMeasure/PrefixHeader.pch;
				GCC_PREPROCESSOR_DEFINITIONS = (
					"DEBUG=1",
					"$(inherited)",
				);
				GCC_WARN_64_TO_32_BIT_CONVERSION = YES;
				GCC_WARN_ABOUT_RETURN_TYPE = YES_ERROR;
				GCC_WARN_UNDECLARED_SELECTOR = YES;
				GCC_WARN_UNINITIALIZED_AUTOS = YES_AGGRESSIVE;
				GCC_WARN_UNUSED_FUNCTION = YES;
				GCC_WARN_UNUSED_VARIABLE = YES;
				IPHONEOS_DEPLOYMENT_TARGET = 9.2;
				MTL_ENABLE_DEBUG_INFO = YES;
				ONLY_ACTIVE_ARCH = YES;
				SDKROOT = iphoneos;
				TARGETED_DEVICE_FAMILY = "1,2";
			};
			name = Debug;
		};
		C11CB7831ECE877E006E67D5 /* Release */ = {
			isa = XCBuildConfiguration;
			buildSettings = {
				ALWAYS_SEARCH_USER_PATHS = NO;
				CLANG_CXX_LANGUAGE_STANDARD = "gnu++0x";
				CLANG_CXX_LIBRARY = "libc++";
				CLANG_ENABLE_MODULES = YES;
				CLANG_ENABLE_OBJC_ARC = YES;
				CLANG_WARN_BOOL_CONVERSION = YES;
				CLANG_WARN_CONSTANT_CONVERSION = YES;
				CLANG_WARN_DIRECT_OBJC_ISA_USAGE = YES_ERROR;
				CLANG_WARN_EMPTY_BODY = YES;
				CLANG_WARN_ENUM_CONVERSION = YES;
				CLANG_WARN_INT_CONVERSION = YES;
				CLANG_WARN_OBJC_ROOT_CLASS = YES_ERROR;
				CLANG_WARN_UNREACHABLE_CODE = YES;
				CLANG_WARN__DUPLICATE_METHOD_MATCH = YES;
				CODE_SIGN_IDENTITY = "iPhone Developer: Chengyan Wang (R9TG24Z8TX)";
				"CODE_SIGN_IDENTITY[sdk=iphoneos*]" = "iPhone Developer: Chengyan Wang (R9TG24Z8TX)";
				COPY_PHASE_STRIP = NO;
				DEBUG_INFORMATION_FORMAT = "dwarf-with-dsym";
				ENABLE_NS_ASSERTIONS = NO;
				ENABLE_STRICT_OBJC_MSGSEND = YES;
				GCC_C_LANGUAGE_STANDARD = gnu99;
				GCC_NO_COMMON_BLOCKS = YES;
				GCC_PRECOMPILE_PREFIX_HEADER = YES;
				GCC_PREFIX_HEADER = easyMeasure/PrefixHeader.pch;
				GCC_WARN_64_TO_32_BIT_CONVERSION = YES;
				GCC_WARN_ABOUT_RETURN_TYPE = YES_ERROR;
				GCC_WARN_UNDECLARED_SELECTOR = YES;
				GCC_WARN_UNINITIALIZED_AUTOS = YES_AGGRESSIVE;
				GCC_WARN_UNUSED_FUNCTION = YES;
				GCC_WARN_UNUSED_VARIABLE = YES;
				IPHONEOS_DEPLOYMENT_TARGET = 9.2;
				MTL_ENABLE_DEBUG_INFO = NO;
				SDKROOT = iphoneos;
				TARGETED_DEVICE_FAMILY = "1,2";
				VALIDATE_PRODUCT = YES;
			};
			name = Release;
		};
		C11CB7851ECE877E006E67D5 /* Debug */ = {
			isa = XCBuildConfiguration;
			baseConfigurationReference = BCE57F5EC696E1F3F8045BDA /* Pods-easyMeasure.debug.xcconfig */;
			buildSettings = {
				ASSETCATALOG_COMPILER_APPICON_NAME = AppIcon;
				ASSETCATALOG_COMPILER_LAUNCHIMAGE_NAME = LaunchImage;
				INFOPLIST_FILE = easyMeasure/Info.plist;
				IPHONEOS_DEPLOYMENT_TARGET = 8.0;
				LD_RUNPATH_SEARCH_PATHS = "$(inherited) @executable_path/Frameworks";
				PRODUCT_BUNDLE_IDENTIFIER = com.goldsmith.easyMeasure;
				PRODUCT_NAME = "$(TARGET_NAME)";
				TARGETED_DEVICE_FAMILY = 1;
			};
			name = Debug;
		};
		C11CB7861ECE877E006E67D5 /* Release */ = {
			isa = XCBuildConfiguration;
			baseConfigurationReference = 2D866535AB31CBFA0D0FA59F /* Pods-easyMeasure.release.xcconfig */;
			buildSettings = {
				ASSETCATALOG_COMPILER_APPICON_NAME = AppIcon;
				ASSETCATALOG_COMPILER_LAUNCHIMAGE_NAME = LaunchImage;
				INFOPLIST_FILE = easyMeasure/Info.plist;
				IPHONEOS_DEPLOYMENT_TARGET = 8.0;
				LD_RUNPATH_SEARCH_PATHS = "$(inherited) @executable_path/Frameworks";
				PRODUCT_BUNDLE_IDENTIFIER = com.goldsmith.easyMeasure;
				PRODUCT_NAME = "$(TARGET_NAME)";
				TARGETED_DEVICE_FAMILY = 1;
			};
			name = Release;
		};
/* End XCBuildConfiguration section */

/* Begin XCConfigurationList section */
		C11CB7681ECE877E006E67D5 /* Build configuration list for PBXProject "easyMeasure" */ = {
			isa = XCConfigurationList;
			buildConfigurations = (
				C11CB7821ECE877E006E67D5 /* Debug */,
				C11CB7831ECE877E006E67D5 /* Release */,
			);
			defaultConfigurationIsVisible = 0;
			defaultConfigurationName = Release;
		};
		C11CB7841ECE877E006E67D5 /* Build configuration list for PBXNativeTarget "easyMeasure" */ = {
			isa = XCConfigurationList;
			buildConfigurations = (
				C11CB7851ECE877E006E67D5 /* Debug */,
				C11CB7861ECE877E006E67D5 /* Release */,
			);
			defaultConfigurationIsVisible = 0;
			defaultConfigurationName = Release;
		};
/* End XCConfigurationList section */
	};
	rootObject = C11CB7651ECE877E006E67D5 /* Project object */;
}
